// !$*UTF8*$!
{
	archiveVersion = 1;
	classes = {
	};
	objectVersion = 46;
	objects = {

/* Begin PBXBuildFile section */
		2608516B23023F9900B38AE0 /* HashAppService.m in Sources */ = {isa = PBXBuildFile; fileRef = 2608516A23023F9900B38AE0 /* HashAppService.m */; };
		26135A67289DB39100713E91 /* KangarooTwelve.c in Sources */ = {isa = PBXBuildFile; fileRef = 26135A63289DB39100713E91 /* KangarooTwelve.c */; };
		26135A6C289DBBBD00713E91 /* KeccakP-1600-plain64.c in Sources */ = {isa = PBXBuildFile; fileRef = 26135A6B289DBBBD00713E91 /* KeccakP-1600-plain64.c */; };
		26135A6F289DBD6400713E91 /* KeccakP-1600-opt64.c in Sources */ = {isa = PBXBuildFile; fileRef = 26135A6E289DBD6400713E91 /* KeccakP-1600-opt64.c */; };
		263C03B422FD582300B38AE0 /* has160.c in Sources */ = {isa = PBXBuildFile; fileRef = 263C03B222FD582300B38AE0 /* has160.c */; };
		263C03C522FE4B9100B38AE0 /* blake.c in Sources */ = {isa = PBXBuildFile; fileRef = 263C03C422FE4B9100B38AE0 /* blake.c */; };
		263E467F2342E38C00B38AE0 /* sha1dc.c in Sources */ = {isa = PBXBuildFile; fileRef = 263E467C2342E38C00B38AE0 /* sha1dc.c */; };
		263E46802342E38C00B38AE0 /* ubc_check.c in Sources */ = {isa = PBXBuildFile; fileRef = 263E467E2342E38C00B38AE0 /* ubc_check.c */; };
		263FFA1A19F1CA5300E9E1C7 /* main.m in Sources */ = {isa = PBXBuildFile; fileRef = 263FFA1919F1CA5300E9E1C7 /* main.m */; };
		263FFA1D19F1CA5300E9E1C7 /* AppDelegate.m in Sources */ = {isa = PBXBuildFile; fileRef = 263FFA1C19F1CA5300E9E1C7 /* AppDelegate.m */; };
		263FFA1F19F1CA5300E9E1C7 /* Images.xcassets in Resources */ = {isa = PBXBuildFile; fileRef = 263FFA1E19F1CA5300E9E1C7 /* Images.xcassets */; };
		263FFA4019F1CB2400E9E1C7 /* rmd160.c in Sources */ = {isa = PBXBuildFile; fileRef = 263FFA3E19F1CB2400E9E1C7 /* rmd160.c */; };
		263FFA4319F1CDF600E9E1C7 /* HashAppController.m in Sources */ = {isa = PBXBuildFile; fileRef = 263FFA4219F1CDF600E9E1C7 /* HashAppController.m */; };
		263FFA4519F24D4700E9E1C7 /* HashConstants.m in Sources */ = {isa = PBXBuildFile; fileRef = 263FFA4419F24D4700E9E1C7 /* HashConstants.m */; };
		265C0D7F1F0492BE00D587B1 /* md6_compress.c in Sources */ = {isa = PBXBuildFile; fileRef = 265C0D7C1F0492BE00D587B1 /* md6_compress.c */; };
		265C0D801F0492BE00D587B1 /* md6_mode.c in Sources */ = {isa = PBXBuildFile; fileRef = 265C0D7D1F0492BE00D587B1 /* md6_mode.c */; };
		2661CA681ADB9CA000E57BD1 /* HashOperation.m in Sources */ = {isa = PBXBuildFile; fileRef = 2661CA671ADB9CA000E57BD1 /* HashOperation.m */; };
		266C334219FB8E1E00089684 /* Localizable.strings in Resources */ = {isa = PBXBuildFile; fileRef = 266C334419FB8E1E00089684 /* Localizable.strings */; };
		266C334A19FB8FF700089684 /* MainMenu.xib in Resources */ = {isa = PBXBuildFile; fileRef = 266C334819FB8FF700089684 /* MainMenu.xib */; };
		26719F021B7EAE97007FBFE6 /* rmd320.c in Sources */ = {isa = PBXBuildFile; fileRef = 26719F001B7EAE97007FBFE6 /* rmd320.c */; };
		268F4A532661C5BF000547F3 /* Hash.help in Resources */ = {isa = PBXBuildFile; fileRef = 268F4A522661C5BF000547F3 /* Hash.help */; };
		269E9C10237E321800B38AE0 /* snefru.c in Sources */ = {isa = PBXBuildFile; fileRef = 269E9C0E237E321800B38AE0 /* snefru.c */; };
		269E9C12237E381600B38AE0 /* byte_order.c in Sources */ = {isa = PBXBuildFile; fileRef = 269E9C11237E381600B38AE0 /* byte_order.c */; };
		26B741E41B7D5AF6000D74A1 /* crc32.c in Sources */ = {isa = PBXBuildFile; fileRef = 26B741E31B7D5AF6000D74A1 /* crc32.c */; };
		26B741E71B7DC548000D74A1 /* crc.c in Sources */ = {isa = PBXBuildFile; fileRef = 26B741E61B7DC548000D74A1 /* crc.c */; };
		26B7A7451B83FC50008A0A78 /* icon_1024x1024.png in Resources */ = {isa = PBXBuildFile; fileRef = 2684480D19F4D31F00C2D3A3 /* icon_1024x1024.png */; };
		26B7A7461B83FC50008A0A78 /* icon_512x512.png in Resources */ = {isa = PBXBuildFile; fileRef = 2684480E19F4D31F00C2D3A3 /* icon_512x512.png */; };
		26B7A7471B83FC50008A0A78 /* icon_256x256.png in Resources */ = {isa = PBXBuildFile; fileRef = 2684480F19F4D31F00C2D3A3 /* icon_256x256.png */; };
		26B7A7481B83FC50008A0A78 /* icon_128x128.png in Resources */ = {isa = PBXBuildFile; fileRef = 2684481019F4D31F00C2D3A3 /* icon_128x128.png */; };
		26B7A7491B83FC50008A0A78 /* icon_64x64.png in Resources */ = {isa = PBXBuildFile; fileRef = 2684481119F4D31F00C2D3A3 /* icon_64x64.png */; };
		26B7A74A1B83FC50008A0A78 /* icon_32x32.png in Resources */ = {isa = PBXBuildFile; fileRef = 2684481219F4D31F00C2D3A3 /* icon_32x32.png */; };
		26B7A74B1B83FC50008A0A78 /* icon_16x16.png in Resources */ = {isa = PBXBuildFile; fileRef = 2684481319F4D31F00C2D3A3 /* icon_16x16.png */; };
		26D477171D248EFD000DD102 /* skein.c in Sources */ = {isa = PBXBuildFile; fileRef = 26D477141D248EFD000DD102 /* skein.c */; };
		26D4771B1D248F96000DD102 /* skein_block.c in Sources */ = {isa = PBXBuildFile; fileRef = 26D4771A1D248F96000DD102 /* skein_block.c */; };
		26D69B841AE62B7E005B114A /* Whirlpool.c in Sources */ = {isa = PBXBuildFile; fileRef = 26D69B821AE62B7E005B114A /* Whirlpool.c */; };
		26DA4DA522FD03A000B38AE0 /* tiger.c in Sources */ = {isa = PBXBuildFile; fileRef = 26DA4DA122FD03A000B38AE0 /* tiger.c */; };
		26DA4DA622FD03A000B38AE0 /* tiger_sbox.c in Sources */ = {isa = PBXBuildFile; fileRef = 26DA4DA222FD03A000B38AE0 /* tiger_sbox.c */; };
		26F779B9265F24D700A6B34D /* lsh512.c in Sources */ = {isa = PBXBuildFile; fileRef = 26F779B5265F24D700A6B34D /* lsh512.c */; };
		26F779BA265F24D700A6B34D /* lsh256.c in Sources */ = {isa = PBXBuildFile; fileRef = 26F779B6265F24D700A6B34D /* lsh256.c */; };
		26F779BB265F24D700A6B34D /* lsh.c in Sources */ = {isa = PBXBuildFile; fileRef = 26F779B7265F24D700A6B34D /* lsh.c */; };
		A646C0982571EDF400F2ECDD /* blake3_dispatch.c in Sources */ = {isa = PBXBuildFile; fileRef = A646C0942571EDF400F2ECDD /* blake3_dispatch.c */; };
		A646C0992571EDF400F2ECDD /* blake3_portable.c in Sources */ = {isa = PBXBuildFile; fileRef = A646C0952571EDF400F2ECDD /* blake3_portable.c */; };
		A646C09A2571EDF400F2ECDD /* blake3.c in Sources */ = {isa = PBXBuildFile; fileRef = A646C0962571EDF400F2ECDD /* blake3.c */; };
		A6E46DA82570DA9C0063E58C /* jh_ansi_opt64.c in Sources */ = {isa = PBXBuildFile; fileRef = A6E46DA72570DA9C0063E58C /* jh_ansi_opt64.c */; };
		A6E46DBF2570F1CB0063E58C /* blake2s-ref.c in Sources */ = {isa = PBXBuildFile; fileRef = A6E46DB92570F1CA0063E58C /* blake2s-ref.c */; };
		A6E46DC02570F1CB0063E58C /* blake2bp-ref.c in Sources */ = {isa = PBXBuildFile; fileRef = A6E46DBA2570F1CA0063E58C /* blake2bp-ref.c */; };
		A6E46DC12570F1CB0063E58C /* blake2b-ref.c in Sources */ = {isa = PBXBuildFile; fileRef = A6E46DBC2570F1CA0063E58C /* blake2b-ref.c */; };
		A6E46DC22570F1CB0063E58C /* blake2sp-ref.c in Sources */ = {isa = PBXBuildFile; fileRef = A6E46DBD2570F1CA0063E58C /* blake2sp-ref.c */; };
		A6E46DCA2570F5430063E58C /* Groestl-opt.c in Sources */ = {isa = PBXBuildFile; fileRef = A6E46DC92570F5430063E58C /* Groestl-opt.c */; };
		A6E46E1625718A810063E58C /* crypto_util.c in Sources */ = {isa = PBXBuildFile; fileRef = A6E46E1025718A810063E58C /* crypto_util.c */; };
		A6E46E1725718A810063E58C /* keccak-tiny-unrolled.c in Sources */ = {isa = PBXBuildFile; fileRef = A6E46E1525718A810063E58C /* keccak-tiny-unrolled.c */; };
		A6E46E1D25718BB90063E58C /* malloc.c in Sources */ = {isa = PBXBuildFile; fileRef = A6E46E1C25718BB90063E58C /* malloc.c */; };
/* End PBXBuildFile section */

/* Begin PBXFileReference section */
		2608516A23023F9900B38AE0 /* HashAppService.m */ = {isa = PBXFileReference; lastKnownFileType = sourcecode.c.objc; path = HashAppService.m; sourceTree = "<group>"; };
		2608516C23023FE600B38AE0 /* HashAppService.h */ = {isa = PBXFileReference; lastKnownFileType = sourcecode.c.h; path = HashAppService.h; sourceTree = "<group>"; };
		2612682522FEB81A00B38AE0 /* Groestl.zip */ = {isa = PBXFileReference; lastKnownFileType = archive.zip; path = Groestl.zip; sourceTree = "<group>"; };
		26135A62289DB39100713E91 /* align.h */ = {isa = PBXFileReference; fileEncoding = 4; lastKnownFileType = sourcecode.c.h; path = align.h; sourceTree = "<group>"; };
		26135A63289DB39100713E91 /* KangarooTwelve.c */ = {isa = PBXFileReference; fileEncoding = 4; lastKnownFileType = sourcecode.c.c; path = KangarooTwelve.c; sourceTree = "<group>"; };
		26135A64289DB39100713E91 /* KangarooTwelve.h */ = {isa = PBXFileReference; fileEncoding = 4; lastKnownFileType = sourcecode.c.h; path = KangarooTwelve.h; sourceTree = "<group>"; };
		26135A6B289DBBBD00713E91 /* KeccakP-1600-plain64.c */ = {isa = PBXFileReference; fileEncoding = 4; lastKnownFileType = sourcecode.c.c; path = "KeccakP-1600-plain64.c"; sourceTree = "<group>"; };
		26135A6D289DBCEF00713E91 /* KeccakP-1600-SnP.h */ = {isa = PBXFileReference; lastKnownFileType = sourcecode.c.h; path = "KeccakP-1600-SnP.h"; sourceTree = "<group>"; };
		26135A6E289DBD6400713E91 /* KeccakP-1600-opt64.c */ = {isa = PBXFileReference; fileEncoding = 4; lastKnownFileType = sourcecode.c.c; path = "KeccakP-1600-opt64.c"; sourceTree = "<group>"; };
		263C03B222FD582300B38AE0 /* has160.c */ = {isa = PBXFileReference; fileEncoding = 4; lastKnownFileType = sourcecode.c.c; name = has160.c; path = "HAS-160/has160.c"; sourceTree = "<group>"; };
		263C03B322FD582300B38AE0 /* has160.h */ = {isa = PBXFileReference; fileEncoding = 4; lastKnownFileType = sourcecode.c.h; name = has160.h; path = "HAS-160/has160.h"; sourceTree = "<group>"; };
		263C03BC22FE3EF700B38AE0 /* blake.h */ = {isa = PBXFileReference; fileEncoding = 4; lastKnownFileType = sourcecode.c.h; name = blake.h; path = BLAKE/blake.h; sourceTree = "<group>"; };
		263C03C322FE469800B38AE0 /* blake_support.h */ = {isa = PBXFileReference; lastKnownFileType = sourcecode.c.h; name = blake_support.h; path = BLAKE/blake_support.h; sourceTree = "<group>"; };
		263C03C422FE4B9100B38AE0 /* blake.c */ = {isa = PBXFileReference; lastKnownFileType = sourcecode.c.c; name = blake.c; path = BLAKE/blake.c; sourceTree = "<group>"; };
		263C03C722FE51D800B38AE0 /* README.txt */ = {isa = PBXFileReference; fileEncoding = 4; lastKnownFileType = text; name = README.txt; path = Docs/README.txt; sourceTree = SOURCE_ROOT; };
		263C03C822FE51D800B38AE0 /* LICENSE.txt */ = {isa = PBXFileReference; fileEncoding = 4; lastKnownFileType = text; name = LICENSE.txt; path = Docs/LICENSE.txt; sourceTree = SOURCE_ROOT; };
		263E467B2342E38C00B38AE0 /* ubc_check.h */ = {isa = PBXFileReference; fileEncoding = 4; lastKnownFileType = sourcecode.c.h; path = ubc_check.h; sourceTree = "<group>"; };
		263E467C2342E38C00B38AE0 /* sha1dc.c */ = {isa = PBXFileReference; fileEncoding = 4; lastKnownFileType = sourcecode.c.c; path = sha1dc.c; sourceTree = "<group>"; };
		263E467D2342E38C00B38AE0 /* sha1dc.h */ = {isa = PBXFileReference; fileEncoding = 4; lastKnownFileType = sourcecode.c.h; path = sha1dc.h; sourceTree = "<group>"; };
		263E467E2342E38C00B38AE0 /* ubc_check.c */ = {isa = PBXFileReference; fileEncoding = 4; lastKnownFileType = sourcecode.c.c; path = ubc_check.c; sourceTree = "<group>"; };
		263E468123434AC000B38AE0 /* sha1collisiondetection-master.zip */ = {isa = PBXFileReference; lastKnownFileType = archive.zip; path = "sha1collisiondetection-master.zip"; sourceTree = "<group>"; };
		263FFA1419F1CA5300E9E1C7 /* Hash.app */ = {isa = PBXFileReference; explicitFileType = wrapper.application; includeInIndex = 0; path = Hash.app; sourceTree = BUILT_PRODUCTS_DIR; };
		263FFA1819F1CA5300E9E1C7 /* Info.plist */ = {isa = PBXFileReference; lastKnownFileType = text.plist.xml; path = Info.plist; sourceTree = "<group>"; };
		263FFA1919F1CA5300E9E1C7 /* main.m */ = {isa = PBXFileReference; lastKnownFileType = sourcecode.c.objc; path = main.m; sourceTree = "<group>"; };
		263FFA1B19F1CA5300E9E1C7 /* AppDelegate.h */ = {isa = PBXFileReference; lastKnownFileType = sourcecode.c.h; path = AppDelegate.h; sourceTree = "<group>"; };
		263FFA1C19F1CA5300E9E1C7 /* AppDelegate.m */ = {isa = PBXFileReference; lastKnownFileType = sourcecode.c.objc; path = AppDelegate.m; sourceTree = "<group>"; };
		263FFA1E19F1CA5300E9E1C7 /* Images.xcassets */ = {isa = PBXFileReference; lastKnownFileType = folder.assetcatalog; path = Images.xcassets; sourceTree = "<group>"; };
		263FFA3E19F1CB2400E9E1C7 /* rmd160.c */ = {isa = PBXFileReference; fileEncoding = 4; lastKnownFileType = sourcecode.c.c; name = rmd160.c; path = RMD160/rmd160.c; sourceTree = "<group>"; };
		263FFA3F19F1CB2400E9E1C7 /* rmd160.h */ = {isa = PBXFileReference; fileEncoding = 4; lastKnownFileType = sourcecode.c.h; name = rmd160.h; path = RMD160/rmd160.h; sourceTree = "<group>"; };
		263FFA4119F1CDF600E9E1C7 /* HashAppController.h */ = {isa = PBXFileReference; fileEncoding = 4; lastKnownFileType = sourcecode.c.h; path = HashAppController.h; sourceTree = "<group>"; };
		263FFA4219F1CDF600E9E1C7 /* HashAppController.m */ = {isa = PBXFileReference; fileEncoding = 4; lastKnownFileType = sourcecode.c.objc; path = HashAppController.m; sourceTree = "<group>"; };
		263FFA4419F24D4700E9E1C7 /* HashConstants.m */ = {isa = PBXFileReference; fileEncoding = 4; lastKnownFileType = sourcecode.c.objc; path = HashConstants.m; sourceTree = "<group>"; };
		263FFA4619F24D5C00E9E1C7 /* HashConstants.h */ = {isa = PBXFileReference; lastKnownFileType = sourcecode.c.h; path = HashConstants.h; sourceTree = "<group>"; };
		263FFA4719F257B000E9E1C7 /* Hash.entitlements */ = {isa = PBXFileReference; lastKnownFileType = text.xml; path = Hash.entitlements; sourceTree = "<group>"; };
		264644C722FA669000B38AE0 /* jh.h */ = {isa = PBXFileReference; lastKnownFileType = sourcecode.c.h; name = jh.h; path = JH/jh.h; sourceTree = "<group>"; };
		265C0D7C1F0492BE00D587B1 /* md6_compress.c */ = {isa = PBXFileReference; fileEncoding = 4; lastKnownFileType = sourcecode.c.c; name = md6_compress.c; path = MD6/md6_compress.c; sourceTree = "<group>"; };
		265C0D7D1F0492BE00D587B1 /* md6_mode.c */ = {isa = PBXFileReference; fileEncoding = 4; lastKnownFileType = sourcecode.c.c; name = md6_mode.c; path = MD6/md6_mode.c; sourceTree = "<group>"; };
		265C0D7E1F0492BE00D587B1 /* md6.h */ = {isa = PBXFileReference; fileEncoding = 4; lastKnownFileType = sourcecode.c.h; name = md6.h; path = MD6/md6.h; sourceTree = "<group>"; };
		265F79ED1F049C3300CCFB2D /* md6_c_code-2009-04-15.zip */ = {isa = PBXFileReference; lastKnownFileType = archive.zip; path = "md6_c_code-2009-04-15.zip"; sourceTree = "<group>"; };
		2661CA671ADB9CA000E57BD1 /* HashOperation.m */ = {isa = PBXFileReference; fileEncoding = 4; lastKnownFileType = sourcecode.c.objc; path = HashOperation.m; sourceTree = "<group>"; };
		2661CA691ADB9CCA00E57BD1 /* HashOperation.h */ = {isa = PBXFileReference; fileEncoding = 4; lastKnownFileType = sourcecode.c.h; path = HashOperation.h; sourceTree = "<group>"; };
		266C334719FB8FD100089684 /* en */ = {isa = PBXFileReference; lastKnownFileType = text.plist.strings; name = en; path = en.lproj/Localizable.strings; sourceTree = "<group>"; };
		26719F001B7EAE97007FBFE6 /* rmd320.c */ = {isa = PBXFileReference; fileEncoding = 4; lastKnownFileType = sourcecode.c.c; path = rmd320.c; sourceTree = "<group>"; };
		26719F011B7EAE97007FBFE6 /* rmd320.h */ = {isa = PBXFileReference; fileEncoding = 4; lastKnownFileType = sourcecode.c.h; path = rmd320.h; sourceTree = "<group>"; };
		26719F031B7EAF53007FBFE6 /* hash.h */ = {isa = PBXFileReference; fileEncoding = 4; lastKnownFileType = sourcecode.c.h; path = hash.h; sourceTree = "<group>"; };
		26719F041B7EAFB6007FBFE6 /* mLib-7a376ba.tar.gz */ = {isa = PBXFileReference; lastKnownFileType = archive.gzip; path = "mLib-7a376ba.tar.gz"; sourceTree = "<group>"; };
		26719F051B7EAFB6007FBFE6 /* catacomb-f93fc80.tar.gz */ = {isa = PBXFileReference; lastKnownFileType = archive.gzip; path = "catacomb-f93fc80.tar.gz"; sourceTree = "<group>"; };
		26719F081B7EB365007FBFE6 /* bits.h */ = {isa = PBXFileReference; lastKnownFileType = sourcecode.c.h; path = bits.h; sourceTree = "<group>"; };
		26830A881AE880090054251E /* whirlpool.zip */ = {isa = PBXFileReference; lastKnownFileType = archive.zip; path = whirlpool.zip; sourceTree = "<group>"; };
		2684480C19F4D31F00C2D3A3 /* icon.svg */ = {isa = PBXFileReference; fileEncoding = 4; lastKnownFileType = text.xml; path = icon.svg; sourceTree = "<group>"; };
		2684480D19F4D31F00C2D3A3 /* icon_1024x1024.png */ = {isa = PBXFileReference; lastKnownFileType = image.png; path = icon_1024x1024.png; sourceTree = "<group>"; };
		2684480E19F4D31F00C2D3A3 /* icon_512x512.png */ = {isa = PBXFileReference; lastKnownFileType = image.png; path = icon_512x512.png; sourceTree = "<group>"; };
		2684480F19F4D31F00C2D3A3 /* icon_256x256.png */ = {isa = PBXFileReference; lastKnownFileType = image.png; path = icon_256x256.png; sourceTree = "<group>"; };
		2684481019F4D31F00C2D3A3 /* icon_128x128.png */ = {isa = PBXFileReference; lastKnownFileType = image.png; path = icon_128x128.png; sourceTree = "<group>"; };
		2684481119F4D31F00C2D3A3 /* icon_64x64.png */ = {isa = PBXFileReference; lastKnownFileType = image.png; path = icon_64x64.png; sourceTree = "<group>"; };
		2684481219F4D31F00C2D3A3 /* icon_32x32.png */ = {isa = PBXFileReference; lastKnownFileType = image.png; path = icon_32x32.png; sourceTree = "<group>"; };
		2684481319F4D31F00C2D3A3 /* icon_16x16.png */ = {isa = PBXFileReference; lastKnownFileType = image.png; path = icon_16x16.png; sourceTree = "<group>"; };
		268F4A522661C5BF000547F3 /* Hash.help */ = {isa = PBXFileReference; lastKnownFileType = folder; path = Hash.help; sourceTree = "<group>"; };
		2696170F22FAB82900B38AE0 /* jh_20110116.zip */ = {isa = PBXFileReference; lastKnownFileType = archive.zip; path = jh_20110116.zip; sourceTree = "<group>"; };
		269E9C0E237E321800B38AE0 /* snefru.c */ = {isa = PBXFileReference; fileEncoding = 4; lastKnownFileType = sourcecode.c.c; path = snefru.c; sourceTree = "<group>"; };
		269E9C0F237E321800B38AE0 /* snefru.h */ = {isa = PBXFileReference; fileEncoding = 4; lastKnownFileType = sourcecode.c.h; path = snefru.h; sourceTree = "<group>"; };
		269E9C11237E381600B38AE0 /* byte_order.c */ = {isa = PBXFileReference; fileEncoding = 4; lastKnownFileType = sourcecode.c.c; name = byte_order.c; path = Tiger/byte_order.c; sourceTree = "<group>"; };
		26A6F7F227BADC6400713E91 /* BLAKE3-1.3.1.tar.gz */ = {isa = PBXFileReference; lastKnownFileType = archive.gzip; path = "BLAKE3-1.3.1.tar.gz"; sourceTree = "<group>"; };
		26B48BE322FEA2C000B38AE0 /* tables.h */ = {isa = PBXFileReference; fileEncoding = 4; lastKnownFileType = sourcecode.c.h; name = tables.h; path = Groestl/tables.h; sourceTree = "<group>"; };
		26B48BE522FEA2C000B38AE0 /* brg_endian.h */ = {isa = PBXFileReference; fileEncoding = 4; lastKnownFileType = sourcecode.c.h; path = brg_endian.h; sourceTree = "<group>"; };
		26B741E31B7D5AF6000D74A1 /* crc32.c */ = {isa = PBXFileReference; fileEncoding = 4; lastKnownFileType = sourcecode.c.c; name = crc32.c; path = Hash/CRC/crc32.c; sourceTree = SOURCE_ROOT; };
		26B741E51B7D5B56000D74A1 /* crc.h */ = {isa = PBXFileReference; lastKnownFileType = sourcecode.c.h; name = crc.h; path = CRC/crc.h; sourceTree = "<group>"; };
		26B741E61B7DC548000D74A1 /* crc.c */ = {isa = PBXFileReference; fileEncoding = 4; lastKnownFileType = sourcecode.c.c; name = crc.c; path = Hash/CRC/crc.c; sourceTree = SOURCE_ROOT; };
		26BB29A3265F8DFE0058AA73 /* tor-tor-0.4.5.8.zip */ = {isa = PBXFileReference; lastKnownFileType = archive.zip; path = "tor-tor-0.4.5.8.zip"; sourceTree = "<group>"; };
		26D477051D21EDD0000DD102 /* BLAKE2-20160619.zip */ = {isa = PBXFileReference; lastKnownFileType = archive.zip; path = "BLAKE2-20160619.zip"; sourceTree = "<group>"; };
		26D477141D248EFD000DD102 /* skein.c */ = {isa = PBXFileReference; fileEncoding = 4; lastKnownFileType = sourcecode.c.c; path = skein.c; sourceTree = "<group>"; };
		26D477151D248EFD000DD102 /* skein.h */ = {isa = PBXFileReference; fileEncoding = 4; lastKnownFileType = sourcecode.c.h; path = skein.h; sourceTree = "<group>"; };
		26D477161D248EFD000DD102 /* skein_iv.h */ = {isa = PBXFileReference; fileEncoding = 4; lastKnownFileType = sourcecode.c.h; path = skein_iv.h; sourceTree = "<group>"; };
		26D477181D248F34000DD102 /* skein_port.h */ = {isa = PBXFileReference; lastKnownFileType = sourcecode.c.h; path = skein_port.h; sourceTree = "<group>"; };
		26D4771A1D248F96000DD102 /* skein_block.c */ = {isa = PBXFileReference; fileEncoding = 4; lastKnownFileType = sourcecode.c.c; path = skein_block.c; sourceTree = "<group>"; };
		26D4771C1D24985F000DD102 /* NIST_CD_102610.zip */ = {isa = PBXFileReference; lastKnownFileType = archive.zip; path = NIST_CD_102610.zip; sourceTree = "<group>"; };
		26D69B821AE62B7E005B114A /* Whirlpool.c */ = {isa = PBXFileReference; fileEncoding = 4; lastKnownFileType = sourcecode.c.c; name = Whirlpool.c; path = Whirlpool/Whirlpool.c; sourceTree = "<group>"; };
		26D69B831AE62B7E005B114A /* nessie.h */ = {isa = PBXFileReference; fileEncoding = 4; lastKnownFileType = sourcecode.c.h; name = nessie.h; path = Whirlpool/nessie.h; sourceTree = "<group>"; };
		26D69B861AE62EDF005B114A /* Whirlpool.h */ = {isa = PBXFileReference; lastKnownFileType = sourcecode.c.h; name = Whirlpool.h; path = Whirlpool/Whirlpool.h; sourceTree = "<group>"; };
		26DA4D9E22FD037200B38AE0 /* RHash-1.3.8.zip */ = {isa = PBXFileReference; lastKnownFileType = archive.zip; path = "RHash-1.3.8.zip"; sourceTree = "<group>"; };
		26DA4DA122FD03A000B38AE0 /* tiger.c */ = {isa = PBXFileReference; fileEncoding = 4; lastKnownFileType = sourcecode.c.c; name = tiger.c; path = Tiger/tiger.c; sourceTree = "<group>"; };
		26DA4DA222FD03A000B38AE0 /* tiger_sbox.c */ = {isa = PBXFileReference; fileEncoding = 4; lastKnownFileType = sourcecode.c.c; name = tiger_sbox.c; path = Tiger/tiger_sbox.c; sourceTree = "<group>"; };
		26DA4DA322FD03A000B38AE0 /* ustd.h */ = {isa = PBXFileReference; fileEncoding = 4; lastKnownFileType = sourcecode.c.h; name = ustd.h; path = Tiger/ustd.h; sourceTree = "<group>"; };
		26DA4DA422FD03A000B38AE0 /* tiger.h */ = {isa = PBXFileReference; fileEncoding = 4; lastKnownFileType = sourcecode.c.h; name = tiger.h; path = Tiger/tiger.h; sourceTree = "<group>"; };
		26DA4DA722FD03ED00B38AE0 /* byte_order.h */ = {isa = PBXFileReference; lastKnownFileType = sourcecode.c.h; name = byte_order.h; path = Tiger/byte_order.h; sourceTree = "<group>"; };
		26F5F0C722C9E38600B38AE0 /* Base */ = {isa = PBXFileReference; lastKnownFileType = file.xib; name = Base; path = Base.lproj/MainMenu.xib; sourceTree = "<group>"; };
		26F779B1265F24D700A6B34D /* lsh512.h */ = {isa = PBXFileReference; fileEncoding = 4; lastKnownFileType = sourcecode.c.h; path = lsh512.h; sourceTree = "<group>"; };
		26F779B2265F24D700A6B34D /* lsh256.h */ = {isa = PBXFileReference; fileEncoding = 4; lastKnownFileType = sourcecode.c.h; path = lsh256.h; sourceTree = "<group>"; };
		26F779B3265F24D700A6B34D /* lsh_def.h */ = {isa = PBXFileReference; fileEncoding = 4; lastKnownFileType = sourcecode.c.h; path = lsh_def.h; sourceTree = "<group>"; };
		26F779B4265F24D700A6B34D /* lsh.h */ = {isa = PBXFileReference; fileEncoding = 4; lastKnownFileType = sourcecode.c.h; path = lsh.h; sourceTree = "<group>"; };
		26F779B5265F24D700A6B34D /* lsh512.c */ = {isa = PBXFileReference; fileEncoding = 4; lastKnownFileType = sourcecode.c.c; path = lsh512.c; sourceTree = "<group>"; };
		26F779B6265F24D700A6B34D /* lsh256.c */ = {isa = PBXFileReference; fileEncoding = 4; lastKnownFileType = sourcecode.c.c; path = lsh256.c; sourceTree = "<group>"; };
		26F779B7265F24D700A6B34D /* lsh.c */ = {isa = PBXFileReference; fileEncoding = 4; lastKnownFileType = sourcecode.c.c; path = lsh.c; sourceTree = "<group>"; };
		26F779B8265F24D700A6B34D /* lsh_local.h */ = {isa = PBXFileReference; fileEncoding = 4; lastKnownFileType = sourcecode.c.h; path = lsh_local.h; sourceTree = "<group>"; };
		26F779BC265F321600A6B34D /* 해시함수 LSH_소스코드(v1.0.2).zip */ = {isa = PBXFileReference; lastKnownFileType = archive.zip; path = "해시함수 LSH_소스코드(v1.0.2).zip"; sourceTree = "<group>"; };
		A646C0942571EDF400F2ECDD /* blake3_dispatch.c */ = {isa = PBXFileReference; fileEncoding = 4; lastKnownFileType = sourcecode.c.c; path = blake3_dispatch.c; sourceTree = "<group>"; };
		A646C0952571EDF400F2ECDD /* blake3_portable.c */ = {isa = PBXFileReference; fileEncoding = 4; lastKnownFileType = sourcecode.c.c; path = blake3_portable.c; sourceTree = "<group>"; };
		A646C0962571EDF400F2ECDD /* blake3.c */ = {isa = PBXFileReference; fileEncoding = 4; lastKnownFileType = sourcecode.c.c; path = blake3.c; sourceTree = "<group>"; };
		A646C0972571EDF400F2ECDD /* blake3_impl.h */ = {isa = PBXFileReference; fileEncoding = 4; lastKnownFileType = sourcecode.c.h; path = blake3_impl.h; sourceTree = "<group>"; };
		A646C09D2571F2CE00F2ECDD /* blake3.h */ = {isa = PBXFileReference; lastKnownFileType = sourcecode.c.h; path = blake3.h; sourceTree = "<group>"; };
		A646C0A62571FDB800F2ECDD /* BLAKE-master.zip */ = {isa = PBXFileReference; lastKnownFileType = archive.zip; path = "BLAKE-master.zip"; sourceTree = "<group>"; };
		A6E46DA72570DA9C0063E58C /* jh_ansi_opt64.c */ = {isa = PBXFileReference; fileEncoding = 4; lastKnownFileType = sourcecode.c.c; name = jh_ansi_opt64.c; path = JH/jh_ansi_opt64.c; sourceTree = "<group>"; };
		A6E46DB92570F1CA0063E58C /* blake2s-ref.c */ = {isa = PBXFileReference; fileEncoding = 4; lastKnownFileType = sourcecode.c.c; name = "blake2s-ref.c"; path = "BLAKE2/blake2s-ref.c"; sourceTree = "<group>"; };
		A6E46DBA2570F1CA0063E58C /* blake2bp-ref.c */ = {isa = PBXFileReference; fileEncoding = 4; lastKnownFileType = sourcecode.c.c; name = "blake2bp-ref.c"; path = "BLAKE2/blake2bp-ref.c"; sourceTree = "<group>"; };
		A6E46DBB2570F1CA0063E58C /* blake2-impl.h */ = {isa = PBXFileReference; fileEncoding = 4; lastKnownFileType = sourcecode.c.h; name = "blake2-impl.h"; path = "BLAKE2/blake2-impl.h"; sourceTree = "<group>"; };
		A6E46DBC2570F1CA0063E58C /* blake2b-ref.c */ = {isa = PBXFileReference; fileEncoding = 4; lastKnownFileType = sourcecode.c.c; name = "blake2b-ref.c"; path = "BLAKE2/blake2b-ref.c"; sourceTree = "<group>"; };
		A6E46DBD2570F1CA0063E58C /* blake2sp-ref.c */ = {isa = PBXFileReference; fileEncoding = 4; lastKnownFileType = sourcecode.c.c; name = "blake2sp-ref.c"; path = "BLAKE2/blake2sp-ref.c"; sourceTree = "<group>"; };
		A6E46DBE2570F1CA0063E58C /* blake2.h */ = {isa = PBXFileReference; fileEncoding = 4; lastKnownFileType = sourcecode.c.h; name = blake2.h; path = BLAKE2/blake2.h; sourceTree = "<group>"; };
		A6E46DC82570F5430063E58C /* Groestl-opt.h */ = {isa = PBXFileReference; fileEncoding = 4; lastKnownFileType = sourcecode.c.h; name = "Groestl-opt.h"; path = "Groestl/Groestl-opt.h"; sourceTree = "<group>"; };
		A6E46DC92570F5430063E58C /* Groestl-opt.c */ = {isa = PBXFileReference; fileEncoding = 4; lastKnownFileType = sourcecode.c.c; name = "Groestl-opt.c"; path = "Groestl/Groestl-opt.c"; sourceTree = "<group>"; };
		A6E46DF2257107780063E58C /* brg_types.h */ = {isa = PBXFileReference; lastKnownFileType = sourcecode.c.h; path = brg_types.h; sourceTree = "<group>"; };
		A6E46E0A25718A810063E58C /* compat_compiler.h */ = {isa = PBXFileReference; fileEncoding = 4; lastKnownFileType = sourcecode.c.h; path = compat_compiler.h; sourceTree = "<group>"; };
		A6E46E0B25718A810063E58C /* torint.h */ = {isa = PBXFileReference; fileEncoding = 4; lastKnownFileType = sourcecode.c.h; path = torint.h; sourceTree = "<group>"; };
		A6E46E0D25718A810063E58C /* orconfig.h */ = {isa = PBXFileReference; fileEncoding = 4; lastKnownFileType = sourcecode.c.h; path = orconfig.h; sourceTree = "<group>"; };
		A6E46E0F25718A810063E58C /* crypto_util.h */ = {isa = PBXFileReference; fileEncoding = 4; lastKnownFileType = sourcecode.c.h; path = crypto_util.h; sourceTree = "<group>"; };
		A6E46E1025718A810063E58C /* crypto_util.c */ = {isa = PBXFileReference; fileEncoding = 4; lastKnownFileType = sourcecode.c.c; path = crypto_util.c; sourceTree = "<group>"; };
		A6E46E1225718A810063E58C /* byteorder.h */ = {isa = PBXFileReference; fileEncoding = 4; lastKnownFileType = sourcecode.c.h; path = byteorder.h; sourceTree = "<group>"; };
		A6E46E1425718A810063E58C /* keccak-tiny.h */ = {isa = PBXFileReference; fileEncoding = 4; lastKnownFileType = sourcecode.c.h; path = "keccak-tiny.h"; sourceTree = "<group>"; };
		A6E46E1525718A810063E58C /* keccak-tiny-unrolled.c */ = {isa = PBXFileReference; fileEncoding = 4; lastKnownFileType = sourcecode.c.c; path = "keccak-tiny-unrolled.c"; sourceTree = "<group>"; };
		A6E46E1B25718BB90063E58C /* malloc.h */ = {isa = PBXFileReference; fileEncoding = 4; lastKnownFileType = sourcecode.c.h; path = malloc.h; sourceTree = "<group>"; };
		A6E46E1C25718BB90063E58C /* malloc.c */ = {isa = PBXFileReference; fileEncoding = 4; lastKnownFileType = sourcecode.c.c; path = malloc.c; sourceTree = "<group>"; };
/* End PBXFileReference section */

/* Begin PBXFrameworksBuildPhase section */
		263FFA1119F1CA5300E9E1C7 /* Frameworks */ = {
			isa = PBXFrameworksBuildPhase;
			buildActionMask = 2147483647;
			files = (
			);
			runOnlyForDeploymentPostprocessing = 0;
		};
/* End PBXFrameworksBuildPhase section */

/* Begin PBXGroup section */
		26135A61289DB39100713E91 /* K12 */ = {
			isa = PBXGroup;
			children = (
				26135A62289DB39100713E91 /* align.h */,
				26135A6D289DBCEF00713E91 /* KeccakP-1600-SnP.h */,
				26135A64289DB39100713E91 /* KangarooTwelve.h */,
				26135A63289DB39100713E91 /* KangarooTwelve.c */,
				26135A6B289DBBBD00713E91 /* KeccakP-1600-plain64.c */,
				26135A6E289DBD6400713E91 /* KeccakP-1600-opt64.c */,
			);
			path = K12;
			sourceTree = "<group>";
		};
		263C03B122FD580800B38AE0 /* HAS-160 */ = {
			isa = PBXGroup;
			children = (
				263C03B322FD582300B38AE0 /* has160.h */,
				263C03B222FD582300B38AE0 /* has160.c */,
			);
			name = "HAS-160";
			sourceTree = "<group>";
		};
		263C03B922FE3EE300B38AE0 /* BLAKE */ = {
			isa = PBXGroup;
			children = (
				263C03BC22FE3EF700B38AE0 /* blake.h */,
				263C03C322FE469800B38AE0 /* blake_support.h */,
				263C03C422FE4B9100B38AE0 /* blake.c */,
			);
			name = BLAKE;
			sourceTree = "<group>";
		};
		263C03C622FE51C800B38AE0 /* Docs */ = {
			isa = PBXGroup;
			children = (
				268F4A522661C5BF000547F3 /* Hash.help */,
				263C03C822FE51D800B38AE0 /* LICENSE.txt */,
				263C03C722FE51D800B38AE0 /* README.txt */,
			);
			path = Docs;
			sourceTree = "<group>";
		};
		263E467A2342E38C00B38AE0 /* SHA1DC */ = {
			isa = PBXGroup;
			children = (
				263E467D2342E38C00B38AE0 /* sha1dc.h */,
				263E467C2342E38C00B38AE0 /* sha1dc.c */,
				263E467B2342E38C00B38AE0 /* ubc_check.h */,
				263E467E2342E38C00B38AE0 /* ubc_check.c */,
			);
			path = SHA1DC;
			sourceTree = "<group>";
		};
		263FFA0B19F1CA5300E9E1C7 = {
			isa = PBXGroup;
			children = (
				263FFA1619F1CA5300E9E1C7 /* Hash */,
				263C03C622FE51C800B38AE0 /* Docs */,
				26830A861AE880090054251E /* Sources */,
				263FFA1519F1CA5300E9E1C7 /* Products */,
			);
			sourceTree = "<group>";
		};
		263FFA1519F1CA5300E9E1C7 /* Products */ = {
			isa = PBXGroup;
			children = (
				263FFA1419F1CA5300E9E1C7 /* Hash.app */,
			);
			name = Products;
			sourceTree = "<group>";
		};
		263FFA1619F1CA5300E9E1C7 /* Hash */ = {
			isa = PBXGroup;
			children = (
				266C334419FB8E1E00089684 /* Localizable.strings */,
				263FFA4719F257B000E9E1C7 /* Hash.entitlements */,
				263FFA1B19F1CA5300E9E1C7 /* AppDelegate.h */,
				263FFA1C19F1CA5300E9E1C7 /* AppDelegate.m */,
				2608516C23023FE600B38AE0 /* HashAppService.h */,
				2608516A23023F9900B38AE0 /* HashAppService.m */,
				263FFA4119F1CDF600E9E1C7 /* HashAppController.h */,
				263FFA4219F1CDF600E9E1C7 /* HashAppController.m */,
				263FFA4619F24D5C00E9E1C7 /* HashConstants.h */,
				263FFA4419F24D4700E9E1C7 /* HashConstants.m */,
				2661CA691ADB9CCA00E57BD1 /* HashOperation.h */,
				2661CA671ADB9CA000E57BD1 /* HashOperation.m */,
				26B48BE522FEA2C000B38AE0 /* brg_endian.h */,
				263C03B922FE3EE300B38AE0 /* BLAKE */,
				26D476FE1D21DC30000DD102 /* BLAKE2 */,
				A646C0932571EDF400F2ECDD /* BLAKE3 */,
				26B741E21B7D5ADB000D74A1 /* CRC */,
				263C03B122FD580800B38AE0 /* HAS-160 */,
				26B48BE022FEA29C00B38AE0 /* Groestl */,
				264644C522FA661500B38AE0 /* JH */,
				26135A61289DB39100713E91 /* K12 */,
				26F779B0265F24D700A6B34D /* LSH */,
				26B4DEF41F048EC400F340FA /* MD6 */,
				26D69B5B1AE625B8005B114A /* RMD160 */,
				26719EF61B7E8D99007FBFE6 /* RMD320 */,
				263E467A2342E38C00B38AE0 /* SHA1DC */,
				268BC2751AE7886500133859 /* SHA3 */,
				26D477131D248EFD000DD102 /* Skein */,
				269E9C0D237E321800B38AE0 /* Snefru */,
				26DA4DA022FD038300B38AE0 /* Tiger */,
				26D69B851AE62B86005B114A /* Whirlpool */,
				266C334819FB8FF700089684 /* MainMenu.xib */,
				263FFA1E19F1CA5300E9E1C7 /* Images.xcassets */,
				263FFA1719F1CA5300E9E1C7 /* Supporting Files */,
			);
			path = Hash;
			sourceTree = "<group>";
		};
		263FFA1719F1CA5300E9E1C7 /* Supporting Files */ = {
			isa = PBXGroup;
			children = (
				263FFA4819F39E0600E9E1C7 /* Icons */,
				263FFA1819F1CA5300E9E1C7 /* Info.plist */,
				263FFA1919F1CA5300E9E1C7 /* main.m */,
			);
			name = "Supporting Files";
			sourceTree = "<group>";
		};
		263FFA4819F39E0600E9E1C7 /* Icons */ = {
			isa = PBXGroup;
			children = (
				2684480C19F4D31F00C2D3A3 /* icon.svg */,
				2684480D19F4D31F00C2D3A3 /* icon_1024x1024.png */,
				2684480E19F4D31F00C2D3A3 /* icon_512x512.png */,
				2684480F19F4D31F00C2D3A3 /* icon_256x256.png */,
				2684481019F4D31F00C2D3A3 /* icon_128x128.png */,
				2684481119F4D31F00C2D3A3 /* icon_64x64.png */,
				2684481219F4D31F00C2D3A3 /* icon_32x32.png */,
				2684481319F4D31F00C2D3A3 /* icon_16x16.png */,
			);
			name = Icons;
			path = Hash/Icons;
			sourceTree = SOURCE_ROOT;
		};
		264644C522FA661500B38AE0 /* JH */ = {
			isa = PBXGroup;
			children = (
				264644C722FA669000B38AE0 /* jh.h */,
				A6E46DA72570DA9C0063E58C /* jh_ansi_opt64.c */,
			);
			name = JH;
			sourceTree = "<group>";
		};
		26719EF61B7E8D99007FBFE6 /* RMD320 */ = {
			isa = PBXGroup;
			children = (
				26719F081B7EB365007FBFE6 /* bits.h */,
				26719F031B7EAF53007FBFE6 /* hash.h */,
				26719F011B7EAE97007FBFE6 /* rmd320.h */,
				26719F001B7EAE97007FBFE6 /* rmd320.c */,
			);
			path = RMD320;
			sourceTree = "<group>";
		};
		26830A861AE880090054251E /* Sources */ = {
			isa = PBXGroup;
			children = (
				A646C0A62571FDB800F2ECDD /* BLAKE-master.zip */,
				26D477051D21EDD0000DD102 /* BLAKE2-20160619.zip */,
				26A6F7F227BADC6400713E91 /* BLAKE3-1.3.1.tar.gz */,
				26719F051B7EAFB6007FBFE6 /* catacomb-f93fc80.tar.gz */,
				2612682522FEB81A00B38AE0 /* Groestl.zip */,
				2696170F22FAB82900B38AE0 /* jh_20110116.zip */,
				265F79ED1F049C3300CCFB2D /* md6_c_code-2009-04-15.zip */,
				26719F041B7EAFB6007FBFE6 /* mLib-7a376ba.tar.gz */,
				26D4771C1D24985F000DD102 /* NIST_CD_102610.zip */,
				26DA4D9E22FD037200B38AE0 /* RHash-1.3.8.zip */,
				263E468123434AC000B38AE0 /* sha1collisiondetection-master.zip */,
				26BB29A3265F8DFE0058AA73 /* tor-tor-0.4.5.8.zip */,
				26830A881AE880090054251E /* whirlpool.zip */,
				26F779BC265F321600A6B34D /* 해시함수 LSH_소스코드(v1.0.2).zip */,
			);
			path = Sources;
			sourceTree = "<group>";
		};
		268BC2751AE7886500133859 /* SHA3 */ = {
			isa = PBXGroup;
			children = (
				A6E46E1125718A810063E58C /* ext */,
				A6E46E0825718A810063E58C /* lib */,
			);
			name = SHA3;
			sourceTree = "<group>";
		};
		269E9C0D237E321800B38AE0 /* Snefru */ = {
			isa = PBXGroup;
			children = (
				269E9C0F237E321800B38AE0 /* snefru.h */,
				269E9C0E237E321800B38AE0 /* snefru.c */,
			);
			path = Snefru;
			sourceTree = "<group>";
		};
		26B48BE022FEA29C00B38AE0 /* Groestl */ = {
			isa = PBXGroup;
			children = (
				26B48BE322FEA2C000B38AE0 /* tables.h */,
				A6E46DC82570F5430063E58C /* Groestl-opt.h */,
				A6E46DC92570F5430063E58C /* Groestl-opt.c */,
			);
			name = Groestl;
			sourceTree = "<group>";
		};
		26B4DEF41F048EC400F340FA /* MD6 */ = {
			isa = PBXGroup;
			children = (
				265C0D7C1F0492BE00D587B1 /* md6_compress.c */,
				265C0D7D1F0492BE00D587B1 /* md6_mode.c */,
				265C0D7E1F0492BE00D587B1 /* md6.h */,
			);
			name = MD6;
			sourceTree = "<group>";
		};
		26B741E21B7D5ADB000D74A1 /* CRC */ = {
			isa = PBXGroup;
			children = (
				26B741E51B7D5B56000D74A1 /* crc.h */,
				26B741E61B7DC548000D74A1 /* crc.c */,
				26B741E31B7D5AF6000D74A1 /* crc32.c */,
			);
			name = CRC;
			sourceTree = "<group>";
		};
		26D476FE1D21DC30000DD102 /* BLAKE2 */ = {
			isa = PBXGroup;
			children = (
				A6E46DBB2570F1CA0063E58C /* blake2-impl.h */,
				A6E46DBE2570F1CA0063E58C /* blake2.h */,
				A6E46DBC2570F1CA0063E58C /* blake2b-ref.c */,
				A6E46DBA2570F1CA0063E58C /* blake2bp-ref.c */,
				A6E46DB92570F1CA0063E58C /* blake2s-ref.c */,
				A6E46DBD2570F1CA0063E58C /* blake2sp-ref.c */,
			);
			name = BLAKE2;
			sourceTree = "<group>";
		};
		26D477131D248EFD000DD102 /* Skein */ = {
			isa = PBXGroup;
			children = (
				A6E46DF2257107780063E58C /* brg_types.h */,
				26D477151D248EFD000DD102 /* skein.h */,
				26D477161D248EFD000DD102 /* skein_iv.h */,
				26D477181D248F34000DD102 /* skein_port.h */,
				26D4771A1D248F96000DD102 /* skein_block.c */,
				26D477141D248EFD000DD102 /* skein.c */,
			);
			path = Skein;
			sourceTree = "<group>";
		};
		26D69B5B1AE625B8005B114A /* RMD160 */ = {
			isa = PBXGroup;
			children = (
				263FFA3F19F1CB2400E9E1C7 /* rmd160.h */,
				263FFA3E19F1CB2400E9E1C7 /* rmd160.c */,
			);
			name = RMD160;
			sourceTree = "<group>";
		};
		26D69B851AE62B86005B114A /* Whirlpool */ = {
			isa = PBXGroup;
			children = (
				26D69B831AE62B7E005B114A /* nessie.h */,
				26D69B861AE62EDF005B114A /* Whirlpool.h */,
				26D69B821AE62B7E005B114A /* Whirlpool.c */,
			);
			name = Whirlpool;
			sourceTree = "<group>";
		};
		26DA4DA022FD038300B38AE0 /* Tiger */ = {
			isa = PBXGroup;
			children = (
				26DA4DA722FD03ED00B38AE0 /* byte_order.h */,
				269E9C11237E381600B38AE0 /* byte_order.c */,
				26DA4DA322FD03A000B38AE0 /* ustd.h */,
				26DA4DA422FD03A000B38AE0 /* tiger.h */,
				26DA4DA122FD03A000B38AE0 /* tiger.c */,
				26DA4DA222FD03A000B38AE0 /* tiger_sbox.c */,
			);
			name = Tiger;
			sourceTree = "<group>";
		};
		26F779B0265F24D700A6B34D /* LSH */ = {
			isa = PBXGroup;
			children = (
				26F779B4265F24D700A6B34D /* lsh.h */,
				26F779B3265F24D700A6B34D /* lsh_def.h */,
				26F779B8265F24D700A6B34D /* lsh_local.h */,
				26F779B7265F24D700A6B34D /* lsh.c */,
				26F779B2265F24D700A6B34D /* lsh256.h */,
				26F779B6265F24D700A6B34D /* lsh256.c */,
				26F779B1265F24D700A6B34D /* lsh512.h */,
				26F779B5265F24D700A6B34D /* lsh512.c */,
			);
			path = LSH;
			sourceTree = "<group>";
		};
		A646C0932571EDF400F2ECDD /* BLAKE3 */ = {
			isa = PBXGroup;
			children = (
				A646C09D2571F2CE00F2ECDD /* blake3.h */,
				A646C0972571EDF400F2ECDD /* blake3_impl.h */,
				A646C0962571EDF400F2ECDD /* blake3.c */,
				A646C0942571EDF400F2ECDD /* blake3_dispatch.c */,
				A646C0952571EDF400F2ECDD /* blake3_portable.c */,
			);
			path = BLAKE3;
			sourceTree = "<group>";
		};
		A6E46E0825718A810063E58C /* lib */ = {
			isa = PBXGroup;
			children = (
				A6E46E0925718A810063E58C /* cc */,
				A6E46E0E25718A810063E58C /* crypt_ops */,
				A6E46E1A25718BB90063E58C /* malloc */,
				A6E46E0C25718A810063E58C /* win32 */,
			);
			name = lib;
			path = "SHA3/keccak-tiny/lib";
			sourceTree = "<group>";
		};
		A6E46E0925718A810063E58C /* cc */ = {
			isa = PBXGroup;
			children = (
				A6E46E0A25718A810063E58C /* compat_compiler.h */,
				A6E46E0B25718A810063E58C /* torint.h */,
			);
			path = cc;
			sourceTree = "<group>";
		};
		A6E46E0C25718A810063E58C /* win32 */ = {
			isa = PBXGroup;
			children = (
				A6E46E0D25718A810063E58C /* orconfig.h */,
			);
			path = win32;
			sourceTree = "<group>";
		};
		A6E46E0E25718A810063E58C /* crypt_ops */ = {
			isa = PBXGroup;
			children = (
				A6E46E0F25718A810063E58C /* crypto_util.h */,
				A6E46E1025718A810063E58C /* crypto_util.c */,
			);
			path = crypt_ops;
			sourceTree = "<group>";
		};
		A6E46E1125718A810063E58C /* ext */ = {
			isa = PBXGroup;
			children = (
				A6E46E1225718A810063E58C /* byteorder.h */,
				A6E46E1325718A810063E58C /* keccak-tiny */,
			);
			name = ext;
			path = "SHA3/keccak-tiny/ext";
			sourceTree = "<group>";
		};
		A6E46E1325718A810063E58C /* keccak-tiny */ = {
			isa = PBXGroup;
			children = (
				A6E46E1425718A810063E58C /* keccak-tiny.h */,
				A6E46E1525718A810063E58C /* keccak-tiny-unrolled.c */,
			);
			path = "keccak-tiny";
			sourceTree = "<group>";
		};
		A6E46E1A25718BB90063E58C /* malloc */ = {
			isa = PBXGroup;
			children = (
				A6E46E1B25718BB90063E58C /* malloc.h */,
				A6E46E1C25718BB90063E58C /* malloc.c */,
			);
			path = malloc;
			sourceTree = "<group>";
		};
/* End PBXGroup section */

/* Begin PBXNativeTarget section */
		263FFA1319F1CA5300E9E1C7 /* Hash */ = {
			isa = PBXNativeTarget;
			buildConfigurationList = 263FFA3119F1CA5300E9E1C7 /* Build configuration list for PBXNativeTarget "Hash" */;
			buildPhases = (
				263FFA1019F1CA5300E9E1C7 /* Sources */,
				263FFA1119F1CA5300E9E1C7 /* Frameworks */,
				263FFA1219F1CA5300E9E1C7 /* Resources */,
			);
			buildRules = (
			);
			dependencies = (
			);
			name = Hash;
			productName = Hash;
			productReference = 263FFA1419F1CA5300E9E1C7 /* Hash.app */;
			productType = "com.apple.product-type.application";
		};
/* End PBXNativeTarget section */

/* Begin PBXProject section */
		263FFA0C19F1CA5300E9E1C7 /* Project object */ = {
			isa = PBXProject;
			attributes = {
				LastUpgradeCheck = 1410;
				ORGANIZATIONNAME = "Sriranga Veeraraghavan";
				TargetAttributes = {
					263FFA1319F1CA5300E9E1C7 = {
						CreatedOnToolsVersion = 6.0.1;
						DevelopmentTeam = CLN8R9E6QM;
						ProvisioningStyle = Automatic;
						SystemCapabilities = {
							com.apple.HardenedRuntime = {
								enabled = 1;
							};
							com.apple.Sandbox = {
								enabled = 1;
							};
						};
					};
				};
			};
			buildConfigurationList = 263FFA0F19F1CA5300E9E1C7 /* Build configuration list for PBXProject "Hash" */;
			compatibilityVersion = "Xcode 3.2";
			developmentRegion = en;
			hasScannedForEncodings = 0;
			knownRegions = (
				en,
				Base,
			);
			mainGroup = 263FFA0B19F1CA5300E9E1C7;
			productRefGroup = 263FFA1519F1CA5300E9E1C7 /* Products */;
			projectDirPath = "";
			projectRoot = "";
			targets = (
				263FFA1319F1CA5300E9E1C7 /* Hash */,
			);
		};
/* End PBXProject section */

/* Begin PBXResourcesBuildPhase section */
		263FFA1219F1CA5300E9E1C7 /* Resources */ = {
			isa = PBXResourcesBuildPhase;
			buildActionMask = 2147483647;
			files = (
				26B7A7451B83FC50008A0A78 /* icon_1024x1024.png in Resources */,
				26B7A7461B83FC50008A0A78 /* icon_512x512.png in Resources */,
				26B7A7471B83FC50008A0A78 /* icon_256x256.png in Resources */,
				26B7A7481B83FC50008A0A78 /* icon_128x128.png in Resources */,
				26B7A7491B83FC50008A0A78 /* icon_64x64.png in Resources */,
				26B7A74A1B83FC50008A0A78 /* icon_32x32.png in Resources */,
				26B7A74B1B83FC50008A0A78 /* icon_16x16.png in Resources */,
				263FFA1F19F1CA5300E9E1C7 /* Images.xcassets in Resources */,
				266C334219FB8E1E00089684 /* Localizable.strings in Resources */,
				266C334A19FB8FF700089684 /* MainMenu.xib in Resources */,
				268F4A532661C5BF000547F3 /* Hash.help in Resources */,
			);
			runOnlyForDeploymentPostprocessing = 0;
		};
/* End PBXResourcesBuildPhase section */

/* Begin PBXSourcesBuildPhase section */
		263FFA1019F1CA5300E9E1C7 /* Sources */ = {
			isa = PBXSourcesBuildPhase;
			buildActionMask = 2147483647;
			files = (
				263FFA4519F24D4700E9E1C7 /* HashConstants.m in Sources */,
				263E46802342E38C00B38AE0 /* ubc_check.c in Sources */,
				263FFA1D19F1CA5300E9E1C7 /* AppDelegate.m in Sources */,
				263FFA1A19F1CA5300E9E1C7 /* main.m in Sources */,
				26F779B9265F24D700A6B34D /* lsh512.c in Sources */,
				26DA4DA522FD03A000B38AE0 /* tiger.c in Sources */,
				A6E46E1D25718BB90063E58C /* malloc.c in Sources */,
				26F779BB265F24D700A6B34D /* lsh.c in Sources */,
				2661CA681ADB9CA000E57BD1 /* HashOperation.m in Sources */,
				263FFA4319F1CDF600E9E1C7 /* HashAppController.m in Sources */,
				A6E46DBF2570F1CB0063E58C /* blake2s-ref.c in Sources */,
				2608516B23023F9900B38AE0 /* HashAppService.m in Sources */,
				263C03C522FE4B9100B38AE0 /* blake.c in Sources */,
				A6E46DC02570F1CB0063E58C /* blake2bp-ref.c in Sources */,
				263C03B422FD582300B38AE0 /* has160.c in Sources */,
				26B741E41B7D5AF6000D74A1 /* crc32.c in Sources */,
				A646C09A2571EDF400F2ECDD /* blake3.c in Sources */,
				A6E46E1625718A810063E58C /* crypto_util.c in Sources */,
				265C0D801F0492BE00D587B1 /* md6_mode.c in Sources */,
				A6E46DCA2570F5430063E58C /* Groestl-opt.c in Sources */,
				265C0D7F1F0492BE00D587B1 /* md6_compress.c in Sources */,
				263E467F2342E38C00B38AE0 /* sha1dc.c in Sources */,
				26B741E71B7DC548000D74A1 /* crc.c in Sources */,
				26F779BA265F24D700A6B34D /* lsh256.c in Sources */,
				269E9C10237E321800B38AE0 /* snefru.c in Sources */,
				269E9C12237E381600B38AE0 /* byte_order.c in Sources */,
				263FFA4019F1CB2400E9E1C7 /* rmd160.c in Sources */,
				26719F021B7EAE97007FBFE6 /* rmd320.c in Sources */,
				A646C0982571EDF400F2ECDD /* blake3_dispatch.c in Sources */,
				A6E46DA82570DA9C0063E58C /* jh_ansi_opt64.c in Sources */,
				26DA4DA622FD03A000B38AE0 /* tiger_sbox.c in Sources */,
				A6E46DC12570F1CB0063E58C /* blake2b-ref.c in Sources */,
				A646C0992571EDF400F2ECDD /* blake3_portable.c in Sources */,
				A6E46DC22570F1CB0063E58C /* blake2sp-ref.c in Sources */,
				26D477171D248EFD000DD102 /* skein.c in Sources */,
				26D4771B1D248F96000DD102 /* skein_block.c in Sources */,
				26D69B841AE62B7E005B114A /* Whirlpool.c in Sources */,
				A6E46E1725718A810063E58C /* keccak-tiny-unrolled.c in Sources */,
				26135A67289DB39100713E91 /* KangarooTwelve.c in Sources */,
				26135A6C289DBBBD00713E91 /* KeccakP-1600-plain64.c in Sources */,
				26135A6F289DBD6400713E91 /* KeccakP-1600-opt64.c in Sources */,
			);
			runOnlyForDeploymentPostprocessing = 0;
		};
/* End PBXSourcesBuildPhase section */

/* Begin PBXVariantGroup section */
		266C334419FB8E1E00089684 /* Localizable.strings */ = {
			isa = PBXVariantGroup;
			children = (
				266C334719FB8FD100089684 /* en */,
			);
			name = Localizable.strings;
			sourceTree = "<group>";
		};
		266C334819FB8FF700089684 /* MainMenu.xib */ = {
			isa = PBXVariantGroup;
			children = (
				26F5F0C722C9E38600B38AE0 /* Base */,
			);
			name = MainMenu.xib;
			sourceTree = "<group>";
		};
/* End PBXVariantGroup section */

/* Begin XCBuildConfiguration section */
		263FFA2F19F1CA5300E9E1C7 /* Debug */ = {
			isa = XCBuildConfiguration;
			buildSettings = {
				ALWAYS_SEARCH_USER_PATHS = NO;
				CLANG_ANALYZER_LOCALIZABILITY_NONLOCALIZED = YES;
				CLANG_CXX_LANGUAGE_STANDARD = "gnu++0x";
				CLANG_CXX_LIBRARY = "libc++";
				CLANG_ENABLE_MODULES = YES;
				CLANG_ENABLE_OBJC_ARC = YES;
				CLANG_WARN_BLOCK_CAPTURE_AUTORELEASING = YES;
				CLANG_WARN_BOOL_CONVERSION = YES;
				CLANG_WARN_COMMA = YES;
				CLANG_WARN_CONSTANT_CONVERSION = YES;
				CLANG_WARN_DEPRECATED_OBJC_IMPLEMENTATIONS = YES;
				CLANG_WARN_DIRECT_OBJC_ISA_USAGE = YES_ERROR;
				CLANG_WARN_EMPTY_BODY = YES;
				CLANG_WARN_ENUM_CONVERSION = YES;
				CLANG_WARN_INFINITE_RECURSION = YES;
				CLANG_WARN_INT_CONVERSION = YES;
				CLANG_WARN_NON_LITERAL_NULL_CONVERSION = YES;
				CLANG_WARN_OBJC_IMPLICIT_RETAIN_SELF = YES;
				CLANG_WARN_OBJC_LITERAL_CONVERSION = YES;
				CLANG_WARN_OBJC_ROOT_CLASS = YES_ERROR;
				CLANG_WARN_QUOTED_INCLUDE_IN_FRAMEWORK_HEADER = YES;
				CLANG_WARN_RANGE_LOOP_ANALYSIS = YES;
				CLANG_WARN_STRICT_PROTOTYPES = YES;
				CLANG_WARN_SUSPICIOUS_MOVE = YES;
				CLANG_WARN_UNREACHABLE_CODE = YES;
				CLANG_WARN__DUPLICATE_METHOD_MATCH = YES;
				CODE_SIGN_IDENTITY = "-";
				COPY_PHASE_STRIP = NO;
				DEAD_CODE_STRIPPING = YES;
				ENABLE_STRICT_OBJC_MSGSEND = YES;
				ENABLE_TESTABILITY = YES;
				GCC_C_LANGUAGE_STANDARD = gnu99;
				GCC_DYNAMIC_NO_PIC = NO;
				GCC_NO_COMMON_BLOCKS = YES;
				GCC_OPTIMIZATION_LEVEL = 0;
				GCC_PREPROCESSOR_DEFINITIONS = (
					"DEBUG=1",
					"$(inherited)",
				);
				GCC_SYMBOLS_PRIVATE_EXTERN = NO;
				GCC_WARN_64_TO_32_BIT_CONVERSION = YES;
				GCC_WARN_ABOUT_RETURN_TYPE = YES_ERROR;
				GCC_WARN_UNDECLARED_SELECTOR = YES;
				GCC_WARN_UNINITIALIZED_AUTOS = YES_AGGRESSIVE;
				GCC_WARN_UNUSED_FUNCTION = YES;
				GCC_WARN_UNUSED_VARIABLE = YES;
				MACOSX_DEPLOYMENT_TARGET = 10.13;
				MTL_ENABLE_DEBUG_INFO = YES;
				ONLY_ACTIVE_ARCH = YES;
				SDKROOT = macosx;
			};
			name = Debug;
		};
		263FFA3019F1CA5300E9E1C7 /* Release */ = {
			isa = XCBuildConfiguration;
			buildSettings = {
				ALWAYS_SEARCH_USER_PATHS = NO;
				CLANG_ANALYZER_LOCALIZABILITY_NONLOCALIZED = YES;
				CLANG_CXX_LANGUAGE_STANDARD = "gnu++0x";
				CLANG_CXX_LIBRARY = "libc++";
				CLANG_ENABLE_MODULES = YES;
				CLANG_ENABLE_OBJC_ARC = YES;
				CLANG_WARN_BLOCK_CAPTURE_AUTORELEASING = YES;
				CLANG_WARN_BOOL_CONVERSION = YES;
				CLANG_WARN_COMMA = YES;
				CLANG_WARN_CONSTANT_CONVERSION = YES;
				CLANG_WARN_DEPRECATED_OBJC_IMPLEMENTATIONS = YES;
				CLANG_WARN_DIRECT_OBJC_ISA_USAGE = YES_ERROR;
				CLANG_WARN_EMPTY_BODY = YES;
				CLANG_WARN_ENUM_CONVERSION = YES;
				CLANG_WARN_INFINITE_RECURSION = YES;
				CLANG_WARN_INT_CONVERSION = YES;
				CLANG_WARN_NON_LITERAL_NULL_CONVERSION = YES;
				CLANG_WARN_OBJC_IMPLICIT_RETAIN_SELF = YES;
				CLANG_WARN_OBJC_LITERAL_CONVERSION = YES;
				CLANG_WARN_OBJC_ROOT_CLASS = YES_ERROR;
				CLANG_WARN_QUOTED_INCLUDE_IN_FRAMEWORK_HEADER = YES;
				CLANG_WARN_RANGE_LOOP_ANALYSIS = YES;
				CLANG_WARN_STRICT_PROTOTYPES = YES;
				CLANG_WARN_SUSPICIOUS_MOVE = YES;
				CLANG_WARN_UNREACHABLE_CODE = YES;
				CLANG_WARN__DUPLICATE_METHOD_MATCH = YES;
				CODE_SIGN_IDENTITY = "-";
				COPY_PHASE_STRIP = YES;
				DEAD_CODE_STRIPPING = YES;
				DEBUG_INFORMATION_FORMAT = "dwarf-with-dsym";
				ENABLE_NS_ASSERTIONS = NO;
				ENABLE_STRICT_OBJC_MSGSEND = YES;
				GCC_C_LANGUAGE_STANDARD = gnu99;
				GCC_NO_COMMON_BLOCKS = YES;
				GCC_WARN_64_TO_32_BIT_CONVERSION = YES;
				GCC_WARN_ABOUT_RETURN_TYPE = YES_ERROR;
				GCC_WARN_UNDECLARED_SELECTOR = YES;
				GCC_WARN_UNINITIALIZED_AUTOS = YES_AGGRESSIVE;
				GCC_WARN_UNUSED_FUNCTION = YES;
				GCC_WARN_UNUSED_VARIABLE = YES;
				MACOSX_DEPLOYMENT_TARGET = 10.13;
				MTL_ENABLE_DEBUG_INFO = NO;
				SDKROOT = macosx;
			};
			name = Release;
		};
		263FFA3219F1CA5300E9E1C7 /* Debug */ = {
			isa = XCBuildConfiguration;
			buildSettings = {
				ALWAYS_SEARCH_USER_PATHS = NO;
				ASSETCATALOG_COMPILER_APPICON_NAME = AppIcon;
				ASSETCATALOG_COMPILER_INCLUDE_ALL_APPICON_ASSETS = YES;
				CLANG_ANALYZER_SECURITY_FLOATLOOPCOUNTER = YES;
				CLANG_ANALYZER_SECURITY_INSECUREAPI_RAND = YES;
				CLANG_ANALYZER_SECURITY_INSECUREAPI_STRCPY = YES;
				CLANG_WARN_ASSIGN_ENUM = YES;
				CLANG_WARN_ATOMIC_IMPLICIT_SEQ_CST = YES;
				CLANG_WARN_CXX0X_EXTENSIONS = YES;
				CLANG_WARN_FLOAT_CONVERSION = YES;
				CLANG_WARN_FRAMEWORK_INCLUDE_PRIVATE_FROM_PUBLIC = YES;
				CLANG_WARN_OBJC_INTERFACE_IVARS = NO;
				CLANG_WARN_OBJC_MISSING_PROPERTY_SYNTHESIS = NO;
				CLANG_WARN_SEMICOLON_BEFORE_METHOD_BODY = YES;
				CLANG_WARN_SUSPICIOUS_IMPLICIT_CONVERSION = NO;
				CLANG_WARN__EXIT_TIME_DESTRUCTORS = YES;
				CODE_SIGN_ENTITLEMENTS = Hash/Hash.entitlements;
				CODE_SIGN_IDENTITY = "Apple Development";
				"CODE_SIGN_IDENTITY[sdk=macosx*]" = "Mac Developer";
				CODE_SIGN_STYLE = Automatic;
				COMBINE_HIDPI_IMAGES = YES;
				CURRENT_PROJECT_VERSION = 1;
				DEAD_CODE_STRIPPING = YES;
				DEVELOPMENT_TEAM = CLN8R9E6QM;
				ENABLE_HARDENED_RUNTIME = YES;
				GCC_WARN_ABOUT_MISSING_FIELD_INITIALIZERS = YES;
				GCC_WARN_ABOUT_MISSING_NEWLINE = YES;
				GCC_WARN_ABOUT_MISSING_PROTOTYPES = YES;
				GCC_WARN_FOUR_CHARACTER_CONSTANTS = YES;
				GCC_WARN_HIDDEN_VIRTUAL_FUNCTIONS = YES;
				GCC_WARN_INITIALIZER_NOT_FULLY_BRACKETED = YES;
				GCC_WARN_NON_VIRTUAL_DESTRUCTOR = YES;
				GCC_WARN_SHADOW = YES;
				GCC_WARN_SIGN_COMPARE = NO;
				GCC_WARN_UNKNOWN_PRAGMAS = YES;
				GCC_WARN_UNUSED_FUNCTION = NO;
				GCC_WARN_UNUSED_LABEL = YES;
				GCC_WARN_UNUSED_PARAMETER = YES;
				INFOPLIST_FILE = Hash/Info.plist;
				LD_RUNPATH_SEARCH_PATHS = "$(inherited) @executable_path/../Frameworks";
				MACOSX_DEPLOYMENT_TARGET = 10.13;
				MARKETING_VERSION = 1.2.1;
				PRODUCT_BUNDLE_IDENTIFIER = "org.calalum.ranga.$(PRODUCT_NAME:rfc1034identifier)";
				PRODUCT_NAME = "$(TARGET_NAME)";
				PROVISIONING_PROFILE = "";
				PROVISIONING_PROFILE_SPECIFIER = "";
				STRIP_PNG_TEXT = YES;
				"USER_HEADER_SEARCH_PATHS[arch=*]" = "Hash/**";
			};
			name = Debug;
		};
		263FFA3319F1CA5300E9E1C7 /* Release */ = {
			isa = XCBuildConfiguration;
			buildSettings = {
				ALWAYS_SEARCH_USER_PATHS = NO;
				ASSETCATALOG_COMPILER_APPICON_NAME = AppIcon;
				ASSETCATALOG_COMPILER_INCLUDE_ALL_APPICON_ASSETS = YES;
				CLANG_ANALYZER_SECURITY_FLOATLOOPCOUNTER = YES;
				CLANG_ANALYZER_SECURITY_INSECUREAPI_RAND = YES;
				CLANG_ANALYZER_SECURITY_INSECUREAPI_STRCPY = YES;
				CLANG_WARN_ASSIGN_ENUM = YES;
				CLANG_WARN_ATOMIC_IMPLICIT_SEQ_CST = YES;
				CLANG_WARN_CXX0X_EXTENSIONS = YES;
				CLANG_WARN_FLOAT_CONVERSION = YES;
				CLANG_WARN_FRAMEWORK_INCLUDE_PRIVATE_FROM_PUBLIC = YES;
				CLANG_WARN_OBJC_INTERFACE_IVARS = NO;
				CLANG_WARN_OBJC_MISSING_PROPERTY_SYNTHESIS = NO;
				CLANG_WARN_SEMICOLON_BEFORE_METHOD_BODY = YES;
				CLANG_WARN_SUSPICIOUS_IMPLICIT_CONVERSION = NO;
				CLANG_WARN__EXIT_TIME_DESTRUCTORS = YES;
				CODE_SIGN_ENTITLEMENTS = Hash/Hash.entitlements;
				CODE_SIGN_IDENTITY = "Apple Development";
				"CODE_SIGN_IDENTITY[sdk=macosx*]" = "Mac Developer";
				CODE_SIGN_STYLE = Automatic;
				COMBINE_HIDPI_IMAGES = YES;
				CURRENT_PROJECT_VERSION = 1;
				DEAD_CODE_STRIPPING = YES;
				DEVELOPMENT_TEAM = CLN8R9E6QM;
				ENABLE_HARDENED_RUNTIME = YES;
				GCC_WARN_ABOUT_MISSING_FIELD_INITIALIZERS = YES;
				GCC_WARN_ABOUT_MISSING_NEWLINE = YES;
				GCC_WARN_ABOUT_MISSING_PROTOTYPES = YES;
				GCC_WARN_FOUR_CHARACTER_CONSTANTS = YES;
				GCC_WARN_HIDDEN_VIRTUAL_FUNCTIONS = YES;
				GCC_WARN_INITIALIZER_NOT_FULLY_BRACKETED = YES;
				GCC_WARN_NON_VIRTUAL_DESTRUCTOR = YES;
				GCC_WARN_SHADOW = YES;
				GCC_WARN_SIGN_COMPARE = NO;
				GCC_WARN_UNKNOWN_PRAGMAS = YES;
				GCC_WARN_UNUSED_FUNCTION = NO;
				GCC_WARN_UNUSED_LABEL = YES;
				GCC_WARN_UNUSED_PARAMETER = YES;
				INFOPLIST_FILE = Hash/Info.plist;
				LD_RUNPATH_SEARCH_PATHS = "$(inherited) @executable_path/../Frameworks";
				MACOSX_DEPLOYMENT_TARGET = 10.13;
				MARKETING_VERSION = 1.2.1;
				PRODUCT_BUNDLE_IDENTIFIER = "org.calalum.ranga.$(PRODUCT_NAME:rfc1034identifier)";
				PRODUCT_NAME = "$(TARGET_NAME)";
				PROVISIONING_PROFILE = "";
				PROVISIONING_PROFILE_SPECIFIER = "";
				STRIP_PNG_TEXT = YES;
				"USER_HEADER_SEARCH_PATHS[arch=*]" = "Hash/**";
			};
			name = Release;
		};
/* End XCBuildConfiguration section */

/* Begin XCConfigurationList section */
		263FFA0F19F1CA5300E9E1C7 /* Build configuration list for PBXProject "Hash" */ = {
			isa = XCConfigurationList;
			buildConfigurations = (
				263FFA2F19F1CA5300E9E1C7 /* Debug */,
				263FFA3019F1CA5300E9E1C7 /* Release */,
			);
			defaultConfigurationIsVisible = 0;
			defaultConfigurationName = Release;
		};
		263FFA3119F1CA5300E9E1C7 /* Build configuration list for PBXNativeTarget "Hash" */ = {
			isa = XCConfigurationList;
			buildConfigurations = (
				263FFA3219F1CA5300E9E1C7 /* Debug */,
				263FFA3319F1CA5300E9E1C7 /* Release */,
			);
			defaultConfigurationIsVisible = 0;
			defaultConfigurationName = Release;
		};
/* End XCConfigurationList section */
	};
	rootObject = 263FFA0C19F1CA5300E9E1C7 /* Project object */;
}
