// !$*UTF8*$!
{
	archiveVersion = 1;
	classes = {
	};
	objectVersion = 46;
	objects = {

/* Begin PBXBuildFile section */
		263FFA1A19F1CA5300E9E1C7 /* main.m in Sources */ = {isa = PBXBuildFile; fileRef = 263FFA1919F1CA5300E9E1C7 /* main.m */; };
		263FFA1D19F1CA5300E9E1C7 /* AppDelegate.m in Sources */ = {isa = PBXBuildFile; fileRef = 263FFA1C19F1CA5300E9E1C7 /* AppDelegate.m */; };
		263FFA1F19F1CA5300E9E1C7 /* Images.xcassets in Resources */ = {isa = PBXBuildFile; fileRef = 263FFA1E19F1CA5300E9E1C7 /* Images.xcassets */; };
		263FFA2E19F1CA5300E9E1C7 /* HashTests.m in Sources */ = {isa = PBXBuildFile; fileRef = 263FFA2D19F1CA5300E9E1C7 /* HashTests.m */; };
		263FFA4019F1CB2400E9E1C7 /* rmd160.c in Sources */ = {isa = PBXBuildFile; fileRef = 263FFA3E19F1CB2400E9E1C7 /* rmd160.c */; };
		263FFA4319F1CDF600E9E1C7 /* HashAppController.m in Sources */ = {isa = PBXBuildFile; fileRef = 263FFA4219F1CDF600E9E1C7 /* HashAppController.m */; };
		263FFA4519F24D4700E9E1C7 /* HashConstants.m in Sources */ = {isa = PBXBuildFile; fileRef = 263FFA4419F24D4700E9E1C7 /* HashConstants.m */; };
		2661CA681ADB9CA000E57BD1 /* HashOperation.m in Sources */ = {isa = PBXBuildFile; fileRef = 2661CA671ADB9CA000E57BD1 /* HashOperation.m */; };
		266C334219FB8E1E00089684 /* Localizable.strings in Resources */ = {isa = PBXBuildFile; fileRef = 266C334419FB8E1E00089684 /* Localizable.strings */; };
		266C334A19FB8FF700089684 /* MainMenu.xib in Resources */ = {isa = PBXBuildFile; fileRef = 266C334819FB8FF700089684 /* MainMenu.xib */; };
		26719F021B7EAE97007FBFE6 /* rmd320.c in Sources */ = {isa = PBXBuildFile; fileRef = 26719F001B7EAE97007FBFE6 /* rmd320.c */; };
		2684481419F4D31F00C2D3A3 /* icon.svg in Resources */ = {isa = PBXBuildFile; fileRef = 2684480C19F4D31F00C2D3A3 /* icon.svg */; };
		268BC2781AE7888E00133859 /* KeccakHash.c in Sources */ = {isa = PBXBuildFile; fileRef = 268BC2761AE7888E00133859 /* KeccakHash.c */; };
		268BC27B1AE788DD00133859 /* KeccakSponge.c in Sources */ = {isa = PBXBuildFile; fileRef = 268BC27A1AE788DD00133859 /* KeccakSponge.c */; };
		268BC2851AE789B100133859 /* KeccakF-1600-reference.c in Sources */ = {isa = PBXBuildFile; fileRef = 268BC2841AE789B100133859 /* KeccakF-1600-reference.c */; };
		268BC28D1AE78A8000133859 /* SnP-FBWL-default.c in Sources */ = {isa = PBXBuildFile; fileRef = 268BC28C1AE78A8000133859 /* SnP-FBWL-default.c */; };
		26B741E41B7D5AF6000D74A1 /* crc32.c in Sources */ = {isa = PBXBuildFile; fileRef = 26B741E31B7D5AF6000D74A1 /* crc32.c */; };
		26B741E71B7DC548000D74A1 /* crc.c in Sources */ = {isa = PBXBuildFile; fileRef = 26B741E61B7DC548000D74A1 /* crc.c */; };
		26B7A7451B83FC50008A0A78 /* icon_1024x1024.png in Resources */ = {isa = PBXBuildFile; fileRef = 2684480D19F4D31F00C2D3A3 /* icon_1024x1024.png */; };
		26B7A7461B83FC50008A0A78 /* icon_512x512.png in Resources */ = {isa = PBXBuildFile; fileRef = 2684480E19F4D31F00C2D3A3 /* icon_512x512.png */; };
		26B7A7471B83FC50008A0A78 /* icon_256x256.png in Resources */ = {isa = PBXBuildFile; fileRef = 2684480F19F4D31F00C2D3A3 /* icon_256x256.png */; };
		26B7A7481B83FC50008A0A78 /* icon_128x128.png in Resources */ = {isa = PBXBuildFile; fileRef = 2684481019F4D31F00C2D3A3 /* icon_128x128.png */; };
		26B7A7491B83FC50008A0A78 /* icon_64x64.png in Resources */ = {isa = PBXBuildFile; fileRef = 2684481119F4D31F00C2D3A3 /* icon_64x64.png */; };
		26B7A74A1B83FC50008A0A78 /* icon_32x32.png in Resources */ = {isa = PBXBuildFile; fileRef = 2684481219F4D31F00C2D3A3 /* icon_32x32.png */; };
		26B7A74B1B83FC50008A0A78 /* icon_16x16.png in Resources */ = {isa = PBXBuildFile; fileRef = 2684481319F4D31F00C2D3A3 /* icon_16x16.png */; };
		26D69B841AE62B7E005B114A /* Whirlpool.c in Sources */ = {isa = PBXBuildFile; fileRef = 26D69B821AE62B7E005B114A /* Whirlpool.c */; };
/* End PBXBuildFile section */

/* Begin PBXContainerItemProxy section */
		263FFA2819F1CA5300E9E1C7 /* PBXContainerItemProxy */ = {
			isa = PBXContainerItemProxy;
			containerPortal = 263FFA0C19F1CA5300E9E1C7 /* Project object */;
			proxyType = 1;
			remoteGlobalIDString = 263FFA1319F1CA5300E9E1C7;
			remoteInfo = Hash;
		};
/* End PBXContainerItemProxy section */

/* Begin PBXFileReference section */
		263FFA1419F1CA5300E9E1C7 /* Hash.app */ = {isa = PBXFileReference; explicitFileType = wrapper.application; includeInIndex = 0; path = Hash.app; sourceTree = BUILT_PRODUCTS_DIR; };
		263FFA1819F1CA5300E9E1C7 /* Info.plist */ = {isa = PBXFileReference; lastKnownFileType = text.plist.xml; path = Info.plist; sourceTree = "<group>"; };
		263FFA1919F1CA5300E9E1C7 /* main.m */ = {isa = PBXFileReference; lastKnownFileType = sourcecode.c.objc; path = main.m; sourceTree = "<group>"; };
		263FFA1B19F1CA5300E9E1C7 /* AppDelegate.h */ = {isa = PBXFileReference; lastKnownFileType = sourcecode.c.h; path = AppDelegate.h; sourceTree = "<group>"; };
		263FFA1C19F1CA5300E9E1C7 /* AppDelegate.m */ = {isa = PBXFileReference; lastKnownFileType = sourcecode.c.objc; path = AppDelegate.m; sourceTree = "<group>"; };
		263FFA1E19F1CA5300E9E1C7 /* Images.xcassets */ = {isa = PBXFileReference; lastKnownFileType = folder.assetcatalog; path = Images.xcassets; sourceTree = "<group>"; };
		263FFA2719F1CA5300E9E1C7 /* HashTests.xctest */ = {isa = PBXFileReference; explicitFileType = wrapper.cfbundle; includeInIndex = 0; path = HashTests.xctest; sourceTree = BUILT_PRODUCTS_DIR; };
		263FFA2C19F1CA5300E9E1C7 /* Info.plist */ = {isa = PBXFileReference; lastKnownFileType = text.plist.xml; path = Info.plist; sourceTree = "<group>"; };
		263FFA2D19F1CA5300E9E1C7 /* HashTests.m */ = {isa = PBXFileReference; lastKnownFileType = sourcecode.c.objc; path = HashTests.m; sourceTree = "<group>"; };
		263FFA3E19F1CB2400E9E1C7 /* rmd160.c */ = {isa = PBXFileReference; fileEncoding = 4; lastKnownFileType = sourcecode.c.c; name = rmd160.c; path = RMD160/rmd160.c; sourceTree = "<group>"; };
		263FFA3F19F1CB2400E9E1C7 /* rmd160.h */ = {isa = PBXFileReference; fileEncoding = 4; lastKnownFileType = sourcecode.c.h; name = rmd160.h; path = RMD160/rmd160.h; sourceTree = "<group>"; };
		263FFA4119F1CDF600E9E1C7 /* HashAppController.h */ = {isa = PBXFileReference; fileEncoding = 4; lastKnownFileType = sourcecode.c.h; path = HashAppController.h; sourceTree = "<group>"; };
		263FFA4219F1CDF600E9E1C7 /* HashAppController.m */ = {isa = PBXFileReference; fileEncoding = 4; lastKnownFileType = sourcecode.c.objc; path = HashAppController.m; sourceTree = "<group>"; };
		263FFA4419F24D4700E9E1C7 /* HashConstants.m */ = {isa = PBXFileReference; fileEncoding = 4; lastKnownFileType = sourcecode.c.objc; path = HashConstants.m; sourceTree = "<group>"; };
		263FFA4619F24D5C00E9E1C7 /* HashConstants.h */ = {isa = PBXFileReference; lastKnownFileType = sourcecode.c.h; path = HashConstants.h; sourceTree = "<group>"; };
		263FFA4719F257B000E9E1C7 /* Hash.entitlements */ = {isa = PBXFileReference; lastKnownFileType = text.xml; path = Hash.entitlements; sourceTree = "<group>"; };
		2661CA671ADB9CA000E57BD1 /* HashOperation.m */ = {isa = PBXFileReference; fileEncoding = 4; lastKnownFileType = sourcecode.c.objc; path = HashOperation.m; sourceTree = "<group>"; };
		2661CA691ADB9CCA00E57BD1 /* HashOperation.h */ = {isa = PBXFileReference; fileEncoding = 4; lastKnownFileType = sourcecode.c.h; path = HashOperation.h; sourceTree = "<group>"; };
		266C334719FB8FD100089684 /* en */ = {isa = PBXFileReference; lastKnownFileType = text.plist.strings; name = en; path = en.lproj/Localizable.strings; sourceTree = "<group>"; };
		266C334919FB8FF700089684 /* en */ = {isa = PBXFileReference; lastKnownFileType = file.xib; name = en; path = en.lproj/MainMenu.xib; sourceTree = "<group>"; };
		26719F001B7EAE97007FBFE6 /* rmd320.c */ = {isa = PBXFileReference; fileEncoding = 4; lastKnownFileType = sourcecode.c.c; path = rmd320.c; sourceTree = "<group>"; };
		26719F011B7EAE97007FBFE6 /* rmd320.h */ = {isa = PBXFileReference; fileEncoding = 4; lastKnownFileType = sourcecode.c.h; path = rmd320.h; sourceTree = "<group>"; };
		26719F031B7EAF53007FBFE6 /* hash.h */ = {isa = PBXFileReference; fileEncoding = 4; lastKnownFileType = sourcecode.c.h; path = hash.h; sourceTree = "<group>"; };
		26719F041B7EAFB6007FBFE6 /* mLib-7a376ba.tar.gz */ = {isa = PBXFileReference; lastKnownFileType = archive.gzip; path = "mLib-7a376ba.tar.gz"; sourceTree = "<group>"; };
		26719F051B7EAFB6007FBFE6 /* catacomb-f93fc80.tar.gz */ = {isa = PBXFileReference; lastKnownFileType = archive.gzip; path = "catacomb-f93fc80.tar.gz"; sourceTree = "<group>"; };
		26719F081B7EB365007FBFE6 /* bits.h */ = {isa = PBXFileReference; lastKnownFileType = sourcecode.c.h; path = bits.h; sourceTree = "<group>"; };
		26719F091B7EB641007FBFE6 /* rmd320 test sources.txt */ = {isa = PBXFileReference; fileEncoding = 4; lastKnownFileType = text; name = "rmd320 test sources.txt"; path = "RMD320/rmd320 test sources.txt"; sourceTree = "<group>"; };
		26830A5B1AE87D790054251E /* sha3 256 results.txt */ = {isa = PBXFileReference; fileEncoding = 4; lastKnownFileType = text; path = "sha3 256 results.txt"; sourceTree = "<group>"; };
		26830A5C1AE87D790054251E /* sha3 512 results.txt */ = {isa = PBXFileReference; fileEncoding = 4; lastKnownFileType = text; path = "sha3 512 results.txt"; sourceTree = "<group>"; };
		26830A5D1AE87D790054251E /* test1.txt */ = {isa = PBXFileReference; fileEncoding = 4; lastKnownFileType = text; path = test1.txt; sourceTree = "<group>"; };
		26830A5E1AE87D790054251E /* test2.txt */ = {isa = PBXFileReference; fileEncoding = 4; lastKnownFileType = text; path = test2.txt; sourceTree = "<group>"; };
		26830A5F1AE87D790054251E /* test3.txt */ = {isa = PBXFileReference; fileEncoding = 4; lastKnownFileType = text; path = test3.txt; sourceTree = "<group>"; };
		26830A601AE87D790054251E /* test4.txt */ = {isa = PBXFileReference; fileEncoding = 4; lastKnownFileType = text; path = test4.txt; sourceTree = "<group>"; };
		26830A611AE87D790054251E /* test5.txt */ = {isa = PBXFileReference; fileEncoding = 4; lastKnownFileType = text; path = test5.txt; sourceTree = "<group>"; };
		26830A621AE87D790054251E /* test6.txt */ = {isa = PBXFileReference; fileEncoding = 4; lastKnownFileType = text; path = test6.txt; sourceTree = "<group>"; };
		26830A6C1AE87DC30054251E /* whirlpool results.txt */ = {isa = PBXFileReference; fileEncoding = 4; lastKnownFileType = text; path = "whirlpool results.txt"; sourceTree = "<group>"; };
		26830A6D1AE87DC30054251E /* test1.txt */ = {isa = PBXFileReference; fileEncoding = 4; lastKnownFileType = text; path = test1.txt; sourceTree = "<group>"; };
		26830A6E1AE87DC30054251E /* test2.txt */ = {isa = PBXFileReference; fileEncoding = 4; lastKnownFileType = text; path = test2.txt; sourceTree = "<group>"; };
		26830A6F1AE87DC30054251E /* test3.txt */ = {isa = PBXFileReference; fileEncoding = 4; lastKnownFileType = text; path = test3.txt; sourceTree = "<group>"; };
		26830A701AE87DC30054251E /* test4.txt */ = {isa = PBXFileReference; fileEncoding = 4; lastKnownFileType = text; path = test4.txt; sourceTree = "<group>"; };
		26830A711AE87DC30054251E /* test5.txt */ = {isa = PBXFileReference; fileEncoding = 4; lastKnownFileType = text; path = test5.txt; sourceTree = "<group>"; };
		26830A721AE87DC30054251E /* test6.txt */ = {isa = PBXFileReference; fileEncoding = 4; lastKnownFileType = text; path = test6.txt; sourceTree = "<group>"; };
		26830A731AE87DC30054251E /* test7.txt */ = {isa = PBXFileReference; fileEncoding = 4; lastKnownFileType = text; path = test7.txt; sourceTree = "<group>"; };
		26830A741AE87DC30054251E /* test8.txt */ = {isa = PBXFileReference; fileEncoding = 4; lastKnownFileType = text; path = test8.txt; sourceTree = "<group>"; };
		26830A7E1AE87E520054251E /* sha3 test sources.txt */ = {isa = PBXFileReference; fileEncoding = 4; lastKnownFileType = text; path = "sha3 test sources.txt"; sourceTree = "<group>"; };
		26830A801AE87EBF0054251E /* whirlpool test sources.txt */ = {isa = PBXFileReference; fileEncoding = 4; lastKnownFileType = text; path = "whirlpool test sources.txt"; sourceTree = "<group>"; };
		26830A821AE87F740054251E /* test9.txt */ = {isa = PBXFileReference; fileEncoding = 4; lastKnownFileType = text; path = test9.txt; sourceTree = "<group>"; };
		26830A831AE87F740054251E /* test10.txt */ = {isa = PBXFileReference; fileEncoding = 4; lastKnownFileType = text; path = test10.txt; sourceTree = "<group>"; };
		26830A871AE880090054251E /* KeccakCodePackage-master.zip */ = {isa = PBXFileReference; lastKnownFileType = archive.zip; path = "KeccakCodePackage-master.zip"; sourceTree = "<group>"; };
		26830A881AE880090054251E /* whirlpool.zip */ = {isa = PBXFileReference; lastKnownFileType = archive.zip; path = whirlpool.zip; sourceTree = "<group>"; };
		2684480C19F4D31F00C2D3A3 /* icon.svg */ = {isa = PBXFileReference; fileEncoding = 4; lastKnownFileType = text.xml; path = icon.svg; sourceTree = "<group>"; };
		2684480D19F4D31F00C2D3A3 /* icon_1024x1024.png */ = {isa = PBXFileReference; lastKnownFileType = image.png; path = icon_1024x1024.png; sourceTree = "<group>"; };
		2684480E19F4D31F00C2D3A3 /* icon_512x512.png */ = {isa = PBXFileReference; lastKnownFileType = image.png; path = icon_512x512.png; sourceTree = "<group>"; };
		2684480F19F4D31F00C2D3A3 /* icon_256x256.png */ = {isa = PBXFileReference; lastKnownFileType = image.png; path = icon_256x256.png; sourceTree = "<group>"; };
		2684481019F4D31F00C2D3A3 /* icon_128x128.png */ = {isa = PBXFileReference; lastKnownFileType = image.png; path = icon_128x128.png; sourceTree = "<group>"; };
		2684481119F4D31F00C2D3A3 /* icon_64x64.png */ = {isa = PBXFileReference; lastKnownFileType = image.png; path = icon_64x64.png; sourceTree = "<group>"; };
		2684481219F4D31F00C2D3A3 /* icon_32x32.png */ = {isa = PBXFileReference; lastKnownFileType = image.png; path = icon_32x32.png; sourceTree = "<group>"; };
		2684481319F4D31F00C2D3A3 /* icon_16x16.png */ = {isa = PBXFileReference; lastKnownFileType = image.png; path = icon_16x16.png; sourceTree = "<group>"; };
		268BC2761AE7888E00133859 /* KeccakHash.c */ = {isa = PBXFileReference; fileEncoding = 4; lastKnownFileType = sourcecode.c.c; name = KeccakHash.c; path = SHA3/Modes/KeccakHash.c; sourceTree = "<group>"; };
		268BC2771AE7888E00133859 /* KeccakHash.h */ = {isa = PBXFileReference; fileEncoding = 4; lastKnownFileType = sourcecode.c.h; name = KeccakHash.h; path = SHA3/Modes/KeccakHash.h; sourceTree = "<group>"; };
		268BC2791AE788D200133859 /* KeccakSponge.h */ = {isa = PBXFileReference; lastKnownFileType = sourcecode.c.h; name = KeccakSponge.h; path = SHA3/Construction/KeccakSponge.h; sourceTree = "<group>"; };
		268BC27A1AE788DD00133859 /* KeccakSponge.c */ = {isa = PBXFileReference; fileEncoding = 4; lastKnownFileType = sourcecode.c.c; name = KeccakSponge.c; path = SHA3/Construction/KeccakSponge.c; sourceTree = "<group>"; };
		268BC27E1AE7892900133859 /* SnP-interface.h */ = {isa = PBXFileReference; lastKnownFileType = sourcecode.c.h; name = "SnP-interface.h"; path = "SHA3/SnP/KeccakF-1600/Reference/SnP-interface.h"; sourceTree = "<group>"; };
		268BC2821AE7897E00133859 /* KeccakF-1600-interface.h */ = {isa = PBXFileReference; lastKnownFileType = sourcecode.c.h; name = "KeccakF-1600-interface.h"; path = "SHA3/SnP/KeccakF-1600/KeccakF-1600-interface.h"; sourceTree = "<group>"; };
		268BC2831AE7899300133859 /* SnP-FBWL-default.h */ = {isa = PBXFileReference; lastKnownFileType = sourcecode.c.h; name = "SnP-FBWL-default.h"; path = "SHA3/SnP/SnP-FBWL-default.h"; sourceTree = "<group>"; };
		268BC2841AE789B100133859 /* KeccakF-1600-reference.c */ = {isa = PBXFileReference; fileEncoding = 4; lastKnownFileType = sourcecode.c.c; name = "KeccakF-1600-reference.c"; path = "SHA3/SnP/KeccakF-1600-reference.c"; sourceTree = "<group>"; };
		268BC2871AE789D000133859 /* brg_endian.h */ = {isa = PBXFileReference; lastKnownFileType = sourcecode.c.h; name = brg_endian.h; path = SHA3/Common/brg_endian.h; sourceTree = "<group>"; };
		268BC28C1AE78A8000133859 /* SnP-FBWL-default.c */ = {isa = PBXFileReference; fileEncoding = 4; lastKnownFileType = sourcecode.c.c; name = "SnP-FBWL-default.c"; path = "SHA3/SnP/SnP-FBWL-default.c"; sourceTree = "<group>"; };
		26B741E31B7D5AF6000D74A1 /* crc32.c */ = {isa = PBXFileReference; fileEncoding = 4; lastKnownFileType = sourcecode.c.c; name = crc32.c; path = Hash/CRC/crc32.c; sourceTree = SOURCE_ROOT; };
		26B741E51B7D5B56000D74A1 /* crc.h */ = {isa = PBXFileReference; lastKnownFileType = sourcecode.c.h; name = crc.h; path = CRC/crc.h; sourceTree = "<group>"; };
		26B741E61B7DC548000D74A1 /* crc.c */ = {isa = PBXFileReference; fileEncoding = 4; lastKnownFileType = sourcecode.c.c; name = crc.c; path = Hash/CRC/crc.c; sourceTree = SOURCE_ROOT; };
		26D69B821AE62B7E005B114A /* Whirlpool.c */ = {isa = PBXFileReference; fileEncoding = 4; lastKnownFileType = sourcecode.c.c; name = Whirlpool.c; path = Whirlpool/Whirlpool.c; sourceTree = "<group>"; };
		26D69B831AE62B7E005B114A /* nessie.h */ = {isa = PBXFileReference; fileEncoding = 4; lastKnownFileType = sourcecode.c.h; name = nessie.h; path = Whirlpool/nessie.h; sourceTree = "<group>"; };
		26D69B861AE62EDF005B114A /* Whirlpool.h */ = {isa = PBXFileReference; lastKnownFileType = sourcecode.c.h; name = Whirlpool.h; path = Whirlpool/Whirlpool.h; sourceTree = "<group>"; };
/* End PBXFileReference section */

/* Begin PBXFrameworksBuildPhase section */
		263FFA1119F1CA5300E9E1C7 /* Frameworks */ = {
			isa = PBXFrameworksBuildPhase;
			buildActionMask = 2147483647;
			files = (
			);
			runOnlyForDeploymentPostprocessing = 0;
		};
		263FFA2419F1CA5300E9E1C7 /* Frameworks */ = {
			isa = PBXFrameworksBuildPhase;
			buildActionMask = 2147483647;
			files = (
			);
			runOnlyForDeploymentPostprocessing = 0;
		};
/* End PBXFrameworksBuildPhase section */

/* Begin PBXGroup section */
		263FFA0B19F1CA5300E9E1C7 = {
			isa = PBXGroup;
			children = (
				263FFA1619F1CA5300E9E1C7 /* Hash */,
				263FFA2A19F1CA5300E9E1C7 /* HashTests */,
				26830A861AE880090054251E /* Sources */,
				263FFA1519F1CA5300E9E1C7 /* Products */,
			);
			sourceTree = "<group>";
		};
		263FFA1519F1CA5300E9E1C7 /* Products */ = {
			isa = PBXGroup;
			children = (
				263FFA1419F1CA5300E9E1C7 /* Hash.app */,
				263FFA2719F1CA5300E9E1C7 /* HashTests.xctest */,
			);
			name = Products;
			sourceTree = "<group>";
		};
		263FFA1619F1CA5300E9E1C7 /* Hash */ = {
			isa = PBXGroup;
			children = (
				266C334419FB8E1E00089684 /* Localizable.strings */,
				263FFA4719F257B000E9E1C7 /* Hash.entitlements */,
				263FFA1B19F1CA5300E9E1C7 /* AppDelegate.h */,
				263FFA1C19F1CA5300E9E1C7 /* AppDelegate.m */,
				263FFA4119F1CDF600E9E1C7 /* HashAppController.h */,
				263FFA4219F1CDF600E9E1C7 /* HashAppController.m */,
				263FFA4619F24D5C00E9E1C7 /* HashConstants.h */,
				263FFA4419F24D4700E9E1C7 /* HashConstants.m */,
				2661CA691ADB9CCA00E57BD1 /* HashOperation.h */,
				2661CA671ADB9CA000E57BD1 /* HashOperation.m */,
				26B741E21B7D5ADB000D74A1 /* CRC */,
				26D69B5B1AE625B8005B114A /* RMD160 */,
				26719EF61B7E8D99007FBFE6 /* RMD320 */,
				268BC2751AE7886500133859 /* SHA3 */,
				26D69B851AE62B86005B114A /* Whirlpool */,
				266C334819FB8FF700089684 /* MainMenu.xib */,
				263FFA1E19F1CA5300E9E1C7 /* Images.xcassets */,
				263FFA1719F1CA5300E9E1C7 /* Supporting Files */,
			);
			path = Hash;
			sourceTree = "<group>";
		};
		263FFA1719F1CA5300E9E1C7 /* Supporting Files */ = {
			isa = PBXGroup;
			children = (
				263FFA4819F39E0600E9E1C7 /* Icons */,
				263FFA1819F1CA5300E9E1C7 /* Info.plist */,
				263FFA1919F1CA5300E9E1C7 /* main.m */,
			);
			name = "Supporting Files";
			sourceTree = "<group>";
		};
		263FFA2A19F1CA5300E9E1C7 /* HashTests */ = {
			isa = PBXGroup;
			children = (
				263FFA2D19F1CA5300E9E1C7 /* HashTests.m */,
				263FFA2B19F1CA5300E9E1C7 /* Supporting Files */,
			);
			path = HashTests;
			sourceTree = "<group>";
		};
		263FFA2B19F1CA5300E9E1C7 /* Supporting Files */ = {
			isa = PBXGroup;
			children = (
				26719F0B1B7EB648007FBFE6 /* RMD320 */,
				26830A5A1AE87D790054251E /* SHA3 */,
				26830A6B1AE87DC30054251E /* Whirlpool */,
				263FFA2C19F1CA5300E9E1C7 /* Info.plist */,
			);
			name = "Supporting Files";
			sourceTree = "<group>";
		};
		263FFA4819F39E0600E9E1C7 /* Icons */ = {
			isa = PBXGroup;
			children = (
				2684480C19F4D31F00C2D3A3 /* icon.svg */,
				2684480D19F4D31F00C2D3A3 /* icon_1024x1024.png */,
				2684480E19F4D31F00C2D3A3 /* icon_512x512.png */,
				2684480F19F4D31F00C2D3A3 /* icon_256x256.png */,
				2684481019F4D31F00C2D3A3 /* icon_128x128.png */,
				2684481119F4D31F00C2D3A3 /* icon_64x64.png */,
				2684481219F4D31F00C2D3A3 /* icon_32x32.png */,
				2684481319F4D31F00C2D3A3 /* icon_16x16.png */,
			);
			name = Icons;
			path = Hash/Icons;
			sourceTree = SOURCE_ROOT;
		};
		26719EF61B7E8D99007FBFE6 /* RMD320 */ = {
			isa = PBXGroup;
			children = (
				26719F081B7EB365007FBFE6 /* bits.h */,
				26719F031B7EAF53007FBFE6 /* hash.h */,
				26719F001B7EAE97007FBFE6 /* rmd320.c */,
				26719F011B7EAE97007FBFE6 /* rmd320.h */,
			);
			path = RMD320;
			sourceTree = "<group>";
		};
		26719F0B1B7EB648007FBFE6 /* RMD320 */ = {
			isa = PBXGroup;
			children = (
				26719F091B7EB641007FBFE6 /* rmd320 test sources.txt */,
			);
			name = RMD320;
			sourceTree = "<group>";
		};
		26830A5A1AE87D790054251E /* SHA3 */ = {
			isa = PBXGroup;
			children = (
				26830A5B1AE87D790054251E /* sha3 256 results.txt */,
				26830A5C1AE87D790054251E /* sha3 512 results.txt */,
				26830A5D1AE87D790054251E /* test1.txt */,
				26830A5E1AE87D790054251E /* test2.txt */,
				26830A5F1AE87D790054251E /* test3.txt */,
				26830A601AE87D790054251E /* test4.txt */,
				26830A611AE87D790054251E /* test5.txt */,
				26830A621AE87D790054251E /* test6.txt */,
				26830A7E1AE87E520054251E /* sha3 test sources.txt */,
			);
			path = SHA3;
			sourceTree = "<group>";
		};
		26830A6B1AE87DC30054251E /* Whirlpool */ = {
			isa = PBXGroup;
			children = (
				26830A6C1AE87DC30054251E /* whirlpool results.txt */,
				26830A6D1AE87DC30054251E /* test1.txt */,
				26830A6E1AE87DC30054251E /* test2.txt */,
				26830A6F1AE87DC30054251E /* test3.txt */,
				26830A701AE87DC30054251E /* test4.txt */,
				26830A711AE87DC30054251E /* test5.txt */,
				26830A721AE87DC30054251E /* test6.txt */,
				26830A731AE87DC30054251E /* test7.txt */,
				26830A741AE87DC30054251E /* test8.txt */,
				26830A821AE87F740054251E /* test9.txt */,
				26830A831AE87F740054251E /* test10.txt */,
				26830A801AE87EBF0054251E /* whirlpool test sources.txt */,
			);
			path = Whirlpool;
			sourceTree = "<group>";
		};
		26830A861AE880090054251E /* Sources */ = {
			isa = PBXGroup;
			children = (
				26719F041B7EAFB6007FBFE6 /* mLib-7a376ba.tar.gz */,
				26719F051B7EAFB6007FBFE6 /* catacomb-f93fc80.tar.gz */,
				26830A871AE880090054251E /* KeccakCodePackage-master.zip */,
				26830A881AE880090054251E /* whirlpool.zip */,
			);
			path = Sources;
			sourceTree = "<group>";
		};
		268BC2751AE7886500133859 /* SHA3 */ = {
			isa = PBXGroup;
			children = (
				268BC2861AE789C200133859 /* Common */,
				268BC27F1AE7892E00133859 /* SnP */,
				268BC27D1AE7890000133859 /* Construction */,
				268BC27C1AE788ED00133859 /* Modes */,
			);
			name = SHA3;
			sourceTree = "<group>";
		};
		268BC27C1AE788ED00133859 /* Modes */ = {
			isa = PBXGroup;
			children = (
				268BC2771AE7888E00133859 /* KeccakHash.h */,
				268BC2761AE7888E00133859 /* KeccakHash.c */,
			);
			name = Modes;
			sourceTree = "<group>";
		};
		268BC27D1AE7890000133859 /* Construction */ = {
			isa = PBXGroup;
			children = (
				268BC2791AE788D200133859 /* KeccakSponge.h */,
				268BC27A1AE788DD00133859 /* KeccakSponge.c */,
			);
			name = Construction;
			sourceTree = "<group>";
		};
		268BC27F1AE7892E00133859 /* SnP */ = {
			isa = PBXGroup;
			children = (
				268BC2831AE7899300133859 /* SnP-FBWL-default.h */,
				268BC28C1AE78A8000133859 /* SnP-FBWL-default.c */,
				268BC2841AE789B100133859 /* KeccakF-1600-reference.c */,
				268BC2801AE7894800133859 /* KeccakF-1600 */,
			);
			name = SnP;
			sourceTree = "<group>";
		};
		268BC2801AE7894800133859 /* KeccakF-1600 */ = {
			isa = PBXGroup;
			children = (
				268BC2821AE7897E00133859 /* KeccakF-1600-interface.h */,
				268BC2811AE7894F00133859 /* Reference */,
			);
			name = "KeccakF-1600";
			sourceTree = "<group>";
		};
		268BC2811AE7894F00133859 /* Reference */ = {
			isa = PBXGroup;
			children = (
				268BC27E1AE7892900133859 /* SnP-interface.h */,
			);
			name = Reference;
			sourceTree = "<group>";
		};
		268BC2861AE789C200133859 /* Common */ = {
			isa = PBXGroup;
			children = (
				268BC2871AE789D000133859 /* brg_endian.h */,
			);
			name = Common;
			sourceTree = "<group>";
		};
		26B741E21B7D5ADB000D74A1 /* CRC */ = {
			isa = PBXGroup;
			children = (
				26B741E61B7DC548000D74A1 /* crc.c */,
				26B741E31B7D5AF6000D74A1 /* crc32.c */,
				26B741E51B7D5B56000D74A1 /* crc.h */,
			);
			name = CRC;
			sourceTree = "<group>";
		};
		26D69B5B1AE625B8005B114A /* RMD160 */ = {
			isa = PBXGroup;
			children = (
				263FFA3F19F1CB2400E9E1C7 /* rmd160.h */,
				263FFA3E19F1CB2400E9E1C7 /* rmd160.c */,
			);
			name = RMD160;
			sourceTree = "<group>";
		};
		26D69B851AE62B86005B114A /* Whirlpool */ = {
			isa = PBXGroup;
			children = (
				26D69B831AE62B7E005B114A /* nessie.h */,
				26D69B861AE62EDF005B114A /* Whirlpool.h */,
				26D69B821AE62B7E005B114A /* Whirlpool.c */,
			);
			name = Whirlpool;
			sourceTree = "<group>";
		};
/* End PBXGroup section */

/* Begin PBXNativeTarget section */
		263FFA1319F1CA5300E9E1C7 /* Hash */ = {
			isa = PBXNativeTarget;
			buildConfigurationList = 263FFA3119F1CA5300E9E1C7 /* Build configuration list for PBXNativeTarget "Hash" */;
			buildPhases = (
				263FFA1019F1CA5300E9E1C7 /* Sources */,
				263FFA1119F1CA5300E9E1C7 /* Frameworks */,
				263FFA1219F1CA5300E9E1C7 /* Resources */,
			);
			buildRules = (
			);
			dependencies = (
			);
			name = Hash;
			productName = Hash;
			productReference = 263FFA1419F1CA5300E9E1C7 /* Hash.app */;
			productType = "com.apple.product-type.application";
		};
		263FFA2619F1CA5300E9E1C7 /* HashTests */ = {
			isa = PBXNativeTarget;
			buildConfigurationList = 263FFA3419F1CA5300E9E1C7 /* Build configuration list for PBXNativeTarget "HashTests" */;
			buildPhases = (
				263FFA2319F1CA5300E9E1C7 /* Sources */,
				263FFA2419F1CA5300E9E1C7 /* Frameworks */,
				263FFA2519F1CA5300E9E1C7 /* Resources */,
			);
			buildRules = (
			);
			dependencies = (
				263FFA2919F1CA5300E9E1C7 /* PBXTargetDependency */,
			);
			name = HashTests;
			productName = HashTests;
			productReference = 263FFA2719F1CA5300E9E1C7 /* HashTests.xctest */;
			productType = "com.apple.product-type.bundle.unit-test";
		};
/* End PBXNativeTarget section */

/* Begin PBXProject section */
		263FFA0C19F1CA5300E9E1C7 /* Project object */ = {
			isa = PBXProject;
			attributes = {
				LastUpgradeCheck = 0600;
				ORGANIZATIONNAME = "Sriranga Veeraraghavan";
				TargetAttributes = {
					263FFA1319F1CA5300E9E1C7 = {
						CreatedOnToolsVersion = 6.0.1;
						DevelopmentTeam = CLN8R9E6QM;
						SystemCapabilities = {
							com.apple.Sandbox = {
								enabled = 0;
							};
						};
					};
					263FFA2619F1CA5300E9E1C7 = {
						CreatedOnToolsVersion = 6.0.1;
						TestTargetID = 263FFA1319F1CA5300E9E1C7;
					};
				};
			};
			buildConfigurationList = 263FFA0F19F1CA5300E9E1C7 /* Build configuration list for PBXProject "Hash" */;
			compatibilityVersion = "Xcode 3.2";
			developmentRegion = English;
			hasScannedForEncodings = 0;
			knownRegions = (
				en,
			);
			mainGroup = 263FFA0B19F1CA5300E9E1C7;
			productRefGroup = 263FFA1519F1CA5300E9E1C7 /* Products */;
			projectDirPath = "";
			projectRoot = "";
			targets = (
				263FFA1319F1CA5300E9E1C7 /* Hash */,
				263FFA2619F1CA5300E9E1C7 /* HashTests */,
			);
		};
/* End PBXProject section */

/* Begin PBXResourcesBuildPhase section */
		263FFA1219F1CA5300E9E1C7 /* Resources */ = {
			isa = PBXResourcesBuildPhase;
			buildActionMask = 2147483647;
			files = (
				26B7A7451B83FC50008A0A78 /* icon_1024x1024.png in Resources */,
				26B7A7461B83FC50008A0A78 /* icon_512x512.png in Resources */,
				26B7A7471B83FC50008A0A78 /* icon_256x256.png in Resources */,
				26B7A7481B83FC50008A0A78 /* icon_128x128.png in Resources */,
				26B7A7491B83FC50008A0A78 /* icon_64x64.png in Resources */,
				26B7A74A1B83FC50008A0A78 /* icon_32x32.png in Resources */,
				26B7A74B1B83FC50008A0A78 /* icon_16x16.png in Resources */,
				263FFA1F19F1CA5300E9E1C7 /* Images.xcassets in Resources */,
				266C334219FB8E1E00089684 /* Localizable.strings in Resources */,
				266C334A19FB8FF700089684 /* MainMenu.xib in Resources */,
				2684481419F4D31F00C2D3A3 /* icon.svg in Resources */,
			);
			runOnlyForDeploymentPostprocessing = 0;
		};
		263FFA2519F1CA5300E9E1C7 /* Resources */ = {
			isa = PBXResourcesBuildPhase;
			buildActionMask = 2147483647;
			files = (
			);
			runOnlyForDeploymentPostprocessing = 0;
		};
/* End PBXResourcesBuildPhase section */

/* Begin PBXSourcesBuildPhase section */
		263FFA1019F1CA5300E9E1C7 /* Sources */ = {
			isa = PBXSourcesBuildPhase;
			buildActionMask = 2147483647;
			files = (
				263FFA4519F24D4700E9E1C7 /* HashConstants.m in Sources */,
				26D69B841AE62B7E005B114A /* Whirlpool.c in Sources */,
				263FFA1D19F1CA5300E9E1C7 /* AppDelegate.m in Sources */,
				268BC2781AE7888E00133859 /* KeccakHash.c in Sources */,
				263FFA1A19F1CA5300E9E1C7 /* main.m in Sources */,
				263FFA4019F1CB2400E9E1C7 /* rmd160.c in Sources */,
				2661CA681ADB9CA000E57BD1 /* HashOperation.m in Sources */,
				263FFA4319F1CDF600E9E1C7 /* HashAppController.m in Sources */,
				268BC27B1AE788DD00133859 /* KeccakSponge.c in Sources */,
				26B741E41B7D5AF6000D74A1 /* crc32.c in Sources */,
				26B741E71B7DC548000D74A1 /* crc.c in Sources */,
				26719F021B7EAE97007FBFE6 /* rmd320.c in Sources */,
				268BC28D1AE78A8000133859 /* SnP-FBWL-default.c in Sources */,
				268BC2851AE789B100133859 /* KeccakF-1600-reference.c in Sources */,
			);
			runOnlyForDeploymentPostprocessing = 0;
		};
		263FFA2319F1CA5300E9E1C7 /* Sources */ = {
			isa = PBXSourcesBuildPhase;
			buildActionMask = 2147483647;
			files = (
				263FFA2E19F1CA5300E9E1C7 /* HashTests.m in Sources */,
			);
			runOnlyForDeploymentPostprocessing = 0;
		};
/* End PBXSourcesBuildPhase section */

/* Begin PBXTargetDependency section */
		263FFA2919F1CA5300E9E1C7 /* PBXTargetDependency */ = {
			isa = PBXTargetDependency;
			target = 263FFA1319F1CA5300E9E1C7 /* Hash */;
			targetProxy = 263FFA2819F1CA5300E9E1C7 /* PBXContainerItemProxy */;
		};
/* End PBXTargetDependency section */

/* Begin PBXVariantGroup section */
		266C334419FB8E1E00089684 /* Localizable.strings */ = {
			isa = PBXVariantGroup;
			children = (
				266C334719FB8FD100089684 /* en */,
			);
			name = Localizable.strings;
			sourceTree = "<group>";
		};
		266C334819FB8FF700089684 /* MainMenu.xib */ = {
			isa = PBXVariantGroup;
			children = (
				266C334919FB8FF700089684 /* en */,
			);
			name = MainMenu.xib;
			sourceTree = "<group>";
		};
/* End PBXVariantGroup section */

/* Begin XCBuildConfiguration section */
		263FFA2F19F1CA5300E9E1C7 /* Debug */ = {
			isa = XCBuildConfiguration;
			buildSettings = {
				ALWAYS_SEARCH_USER_PATHS = NO;
				CLANG_CXX_LANGUAGE_STANDARD = "gnu++0x";
				CLANG_CXX_LIBRARY = "libc++";
				CLANG_ENABLE_MODULES = YES;
				CLANG_ENABLE_OBJC_ARC = YES;
				CLANG_WARN_BOOL_CONVERSION = YES;
				CLANG_WARN_CONSTANT_CONVERSION = YES;
				CLANG_WARN_DIRECT_OBJC_ISA_USAGE = YES_ERROR;
				CLANG_WARN_EMPTY_BODY = YES;
				CLANG_WARN_ENUM_CONVERSION = YES;
				CLANG_WARN_INT_CONVERSION = YES;
				CLANG_WARN_OBJC_ROOT_CLASS = YES_ERROR;
				CLANG_WARN_UNREACHABLE_CODE = YES;
				CLANG_WARN__DUPLICATE_METHOD_MATCH = YES;
				CODE_SIGN_IDENTITY = "-";
				COPY_PHASE_STRIP = NO;
				ENABLE_STRICT_OBJC_MSGSEND = YES;
				GCC_C_LANGUAGE_STANDARD = gnu99;
				GCC_DYNAMIC_NO_PIC = NO;
				GCC_OPTIMIZATION_LEVEL = 0;
				GCC_PREPROCESSOR_DEFINITIONS = (
					"DEBUG=1",
					"$(inherited)",
				);
				GCC_SYMBOLS_PRIVATE_EXTERN = NO;
				GCC_WARN_64_TO_32_BIT_CONVERSION = YES;
				GCC_WARN_ABOUT_RETURN_TYPE = YES_ERROR;
				GCC_WARN_UNDECLARED_SELECTOR = YES;
				GCC_WARN_UNINITIALIZED_AUTOS = YES_AGGRESSIVE;
				GCC_WARN_UNUSED_FUNCTION = YES;
				GCC_WARN_UNUSED_VARIABLE = YES;
				MACOSX_DEPLOYMENT_TARGET = 10.6;
				MTL_ENABLE_DEBUG_INFO = YES;
				ONLY_ACTIVE_ARCH = YES;
				SDKROOT = macosx;
			};
			name = Debug;
		};
		263FFA3019F1CA5300E9E1C7 /* Release */ = {
			isa = XCBuildConfiguration;
			buildSettings = {
				ALWAYS_SEARCH_USER_PATHS = NO;
				CLANG_CXX_LANGUAGE_STANDARD = "gnu++0x";
				CLANG_CXX_LIBRARY = "libc++";
				CLANG_ENABLE_MODULES = YES;
				CLANG_ENABLE_OBJC_ARC = YES;
				CLANG_WARN_BOOL_CONVERSION = YES;
				CLANG_WARN_CONSTANT_CONVERSION = YES;
				CLANG_WARN_DIRECT_OBJC_ISA_USAGE = YES_ERROR;
				CLANG_WARN_EMPTY_BODY = YES;
				CLANG_WARN_ENUM_CONVERSION = YES;
				CLANG_WARN_INT_CONVERSION = YES;
				CLANG_WARN_OBJC_ROOT_CLASS = YES_ERROR;
				CLANG_WARN_UNREACHABLE_CODE = YES;
				CLANG_WARN__DUPLICATE_METHOD_MATCH = YES;
				CODE_SIGN_IDENTITY = "-";
				COPY_PHASE_STRIP = YES;
				DEBUG_INFORMATION_FORMAT = "dwarf-with-dsym";
				ENABLE_NS_ASSERTIONS = NO;
				ENABLE_STRICT_OBJC_MSGSEND = YES;
				GCC_C_LANGUAGE_STANDARD = gnu99;
				GCC_WARN_64_TO_32_BIT_CONVERSION = YES;
				GCC_WARN_ABOUT_RETURN_TYPE = YES_ERROR;
				GCC_WARN_UNDECLARED_SELECTOR = YES;
				GCC_WARN_UNINITIALIZED_AUTOS = YES_AGGRESSIVE;
				GCC_WARN_UNUSED_FUNCTION = YES;
				GCC_WARN_UNUSED_VARIABLE = YES;
				MACOSX_DEPLOYMENT_TARGET = 10.6;
				MTL_ENABLE_DEBUG_INFO = NO;
				SDKROOT = macosx;
			};
			name = Release;
		};
		263FFA3219F1CA5300E9E1C7 /* Debug */ = {
			isa = XCBuildConfiguration;
			buildSettings = {
				ASSETCATALOG_COMPILER_APPICON_NAME = AppIcon;
				CODE_SIGN_IDENTITY = "Developer ID Application";
				"CODE_SIGN_IDENTITY[sdk=macosx*]" = "Mac Developer";
				COMBINE_HIDPI_IMAGES = YES;
				INFOPLIST_FILE = Hash/Info.plist;
				LD_RUNPATH_SEARCH_PATHS = "$(inherited) @executable_path/../Frameworks";
				MACOSX_DEPLOYMENT_TARGET = 10.6;
				PRODUCT_NAME = "$(TARGET_NAME)";
				PROVISIONING_PROFILE = "";
			};
			name = Debug;
		};
		263FFA3319F1CA5300E9E1C7 /* Release */ = {
			isa = XCBuildConfiguration;
			buildSettings = {
				ASSETCATALOG_COMPILER_APPICON_NAME = AppIcon;
				CODE_SIGN_IDENTITY = "Developer ID Application";
				"CODE_SIGN_IDENTITY[sdk=macosx*]" = "Mac Developer";
				COMBINE_HIDPI_IMAGES = YES;
				INFOPLIST_FILE = Hash/Info.plist;
				LD_RUNPATH_SEARCH_PATHS = "$(inherited) @executable_path/../Frameworks";
				MACOSX_DEPLOYMENT_TARGET = 10.6;
				PRODUCT_NAME = "$(TARGET_NAME)";
				PROVISIONING_PROFILE = "";
			};
			name = Release;
		};
		263FFA3519F1CA5300E9E1C7 /* Debug */ = {
			isa = XCBuildConfiguration;
			buildSettings = {
				BUNDLE_LOADER = "$(TEST_HOST)";
				COMBINE_HIDPI_IMAGES = YES;
				FRAMEWORK_SEARCH_PATHS = (
					"$(DEVELOPER_FRAMEWORKS_DIR)",
					"$(inherited)",
				);
				GCC_PREPROCESSOR_DEFINITIONS = (
					"DEBUG=1",
					"$(inherited)",
				);
				INFOPLIST_FILE = HashTests/Info.plist;
				LD_RUNPATH_SEARCH_PATHS = "$(inherited) @executable_path/../Frameworks @loader_path/../Frameworks";
				PRODUCT_NAME = "$(TARGET_NAME)";
				TEST_HOST = "$(BUILT_PRODUCTS_DIR)/Hash.app/Contents/MacOS/Hash";
			};
			name = Debug;
		};
		263FFA3619F1CA5300E9E1C7 /* Release */ = {
			isa = XCBuildConfiguration;
			buildSettings = {
				BUNDLE_LOADER = "$(TEST_HOST)";
				COMBINE_HIDPI_IMAGES = YES;
				FRAMEWORK_SEARCH_PATHS = (
					"$(DEVELOPER_FRAMEWORKS_DIR)",
					"$(inherited)",
				);
				INFOPLIST_FILE = HashTests/Info.plist;
				LD_RUNPATH_SEARCH_PATHS = "$(inherited) @executable_path/../Frameworks @loader_path/../Frameworks";
				PRODUCT_NAME = "$(TARGET_NAME)";
				TEST_HOST = "$(BUILT_PRODUCTS_DIR)/Hash.app/Contents/MacOS/Hash";
			};
			name = Release;
		};
/* End XCBuildConfiguration section */

/* Begin XCConfigurationList section */
		263FFA0F19F1CA5300E9E1C7 /* Build configuration list for PBXProject "Hash" */ = {
			isa = XCConfigurationList;
			buildConfigurations = (
				263FFA2F19F1CA5300E9E1C7 /* Debug */,
				263FFA3019F1CA5300E9E1C7 /* Release */,
			);
			defaultConfigurationIsVisible = 0;
			defaultConfigurationName = Release;
		};
		263FFA3119F1CA5300E9E1C7 /* Build configuration list for PBXNativeTarget "Hash" */ = {
			isa = XCConfigurationList;
			buildConfigurations = (
				263FFA3219F1CA5300E9E1C7 /* Debug */,
				263FFA3319F1CA5300E9E1C7 /* Release */,
			);
			defaultConfigurationIsVisible = 0;
			defaultConfigurationName = Release;
		};
		263FFA3419F1CA5300E9E1C7 /* Build configuration list for PBXNativeTarget "HashTests" */ = {
			isa = XCConfigurationList;
			buildConfigurations = (
				263FFA3519F1CA5300E9E1C7 /* Debug */,
				263FFA3619F1CA5300E9E1C7 /* Release */,
			);
			defaultConfigurationIsVisible = 0;
			defaultConfigurationName = Release;
		};
/* End XCConfigurationList section */
	};
	rootObject = 263FFA0C19F1CA5300E9E1C7 /* Project object */;
}
